{
  "version": "5",
  "specifiers": {
    "jsr:@std/assert@*": "1.0.19",
    "jsr:@std/internal@^1.0.12": "1.0.12",
    "npm:@supabase/supabase-js@2.45.4": "2.45.4",
    "npm:husky@^9.1.7": "9.1.7"
  },
  "jsr": {
    "@std/assert@1.0.19": {
      "integrity": "eaada96ee120cb980bc47e040f82814d786fe8162ecc53c91d8df60b8755991e",
      "dependencies": [
        "jsr:@std/internal"
      ]
    },
    "@std/internal@1.0.12": {
      "integrity": "972a634fd5bc34b242024402972cd5143eac68d8dffaca5eaa4dba30ce17b027"
    }
  },
  "npm": {
    "@supabase/auth-js@2.65.0": {
      "integrity": "sha512-+wboHfZufAE2Y612OsKeVP4rVOeGZzzMLD/Ac3HrTQkkY4qXNjI6Af9gtmxwccE5nFvTiF114FEbIQ1hRq5uUw==",
      "dependencies": [
        "@supabase/node-fetch"
      ]
    },
    "@supabase/functions-js@2.4.1": {
      "integrity": "sha512-8sZ2ibwHlf+WkHDUZJUXqqmPvWQ3UHN0W30behOJngVh/qHHekhJLCFbh0AjkE9/FqqXtf9eoVvmYgfCLk5tNA==",
      "dependencies": [
        "@supabase/node-fetch"
      ]
    },
    "@supabase/node-fetch@2.6.15": {
      "integrity": "sha512-1ibVeYUacxWYi9i0cf5efil6adJ9WRyZBLivgjs+AUpewx1F3xPi7gLgaASI2SmIQxPoCEjAsLAzKPgMJVgOUQ==",
      "dependencies": [
        "whatwg-url"
      ]
    },
    "@supabase/postgrest-js@1.16.1": {
      "integrity": "sha512-EOSEZFm5pPuCPGCmLF1VOCS78DfkSz600PBuvBND/IZmMciJ1pmsS3ss6TkB6UkuvTybYiBh7gKOYyxoEO3USA==",
      "dependencies": [
        "@supabase/node-fetch"
      ]
    },
    "@supabase/realtime-js@2.10.2": {
      "integrity": "sha512-qyCQaNg90HmJstsvr2aJNxK2zgoKh9ZZA8oqb7UT2LCh3mj9zpa3Iwu167AuyNxsxrUE8eEJ2yH6wLCij4EApA==",
      "dependencies": [
        "@supabase/node-fetch",
        "@types/phoenix",
        "@types/ws",
        "ws"
      ]
    },
    "@supabase/storage-js@2.7.0": {
      "integrity": "sha512-iZenEdO6Mx9iTR6T7wC7sk6KKsoDPLq8rdu5VRy7+JiT1i8fnqfcOr6mfF2Eaqky9VQzhP8zZKQYjzozB65Rig==",
      "dependencies": [
        "@supabase/node-fetch"
      ]
    },
    "@supabase/supabase-js@2.45.4": {
      "integrity": "sha512-E5p8/zOLaQ3a462MZnmnz03CrduA5ySH9hZyL03Y+QZLIOO4/Gs8Rdy4ZCKDHsN7x0xdanVEWWFN3pJFQr9/hg==",
      "dependencies": [
        "@supabase/auth-js",
        "@supabase/functions-js",
        "@supabase/node-fetch",
        "@supabase/postgrest-js",
        "@supabase/realtime-js",
        "@supabase/storage-js"
      ]
    },
    "@types/node@25.5.0": {
      "integrity": "sha512-jp2P3tQMSxWugkCUKLRPVUpGaL5MVFwF8RDuSRztfwgN1wmqJeMSbKlnEtQqU8UrhTmzEmZdu2I6v2dpp7XIxw==",
      "dependencies": [
        "undici-types"
      ]
    },
    "@types/phoenix@1.6.7": {
      "integrity": "sha512-oN9ive//QSBkf19rfDv45M7eZPi0eEXylht2OLEXicu5b4KoQ1OzXIw+xDSGWxSxe1JmepRR/ZH283vsu518/Q=="
    },
    "@types/ws@8.18.1": {
      "integrity": "sha512-ThVF6DCVhA8kUGy+aazFQ4kXQ7E1Ty7A3ypFOe0IcJV8O/M511G99AW24irKrW56Wt44yG9+ij8FaqoBGkuBXg==",
      "dependencies": [
        "@types/node"
      ]
    },
    "husky@9.1.7": {
      "integrity": "sha512-5gs5ytaNjBrh5Ow3zrvdUUY+0VxIuWVL4i9irt6friV+BqdCfmV11CQTWMiBYWHbXhco+J1kHfTOUkePhCDvMA==",
      "bin": true
    },
    "tr46@0.0.3": {
      "integrity": "sha512-N3WMsuqV66lT30CrXNbEjx4GEwlow3v6rr4mCcv6prnfwhS01rkgyFdjPNBYd9br7LpXV1+Emh01fHnq2Gdgrw=="
    },
    "undici-types@7.18.2": {
      "integrity": "sha512-AsuCzffGHJybSaRrmr5eHr81mwJU3kjw6M+uprWvCXiNeN9SOGwQ3Jn8jb8m3Z6izVgknn1R0FTCEAP2QrLY/w=="
    },
    "webidl-conversions@3.0.1": {
      "integrity": "sha512-2JAn3z8AR6rjK8Sm8orRC0h/bcl/DqL7tRPdGZ4I1CjdF+EaMLmYxBHyXuKL849eucPFhvBoxMsflfOb8kxaeQ=="
    },
    "whatwg-url@5.0.0": {
      "integrity": "sha512-saE57nupxk6v3HY35+jzBwYa0rKSy0XR8JSxZPwgLr7ys0IBzhGviA1/TUGJLmSVqs8pb9AnvICXEuOHLprYTw==",
      "dependencies": [
        "tr46",
        "webidl-conversions"
      ]
    },
    "ws@8.19.0": {
      "integrity": "sha512-blAT2mjOEIi0ZzruJfIhb3nps74PRWTCz1IjglWEEpQl5XS/UNama6u2/rjFkDDouqr4L67ry+1aGIALViWjDg=="
    }
  },
  "remote": {
    "https://deno.land/std@0.224.0/async/delay.ts": "f90dd685b97c2f142b8069082993e437b1602b8e2561134827eeb7c12b95c499",
    "https://deno.land/std@0.224.0/http/server.ts": "f9313804bf6467a1704f45f76cb6cd0a3396a3b31c316035e6a4c2035d1ea514"
  },
  "workspace": {
    "packageJson": {
      "dependencies": [
        "npm:husky@^9.1.7"
      ]
    }
  }
}
