// !$*UTF8*$!
{
	archiveVersion = 1;
	classes = {
	};
	objectVersion = 70;
	objects = {

/* Begin PBXBuildFile section */
		11263D3C2F2FF22700233D63 /* CropViewController in Frameworks */ = {isa = PBXBuildFile; productRef = 11263D3B2F2FF22700233D63 /* CropViewController */; };
		11263D402F2FF3F700233D63 /* TOCropViewController in Frameworks */ = {isa = PBXBuildFile; productRef = 11263D3F2F2FF3F700233D63 /* TOCropViewController */; };
		114F0F4C2F2150EA00B587F0 /* TidexWatchApp.app in Embed Watch Content */ = {isa = PBXBuildFile; fileRef = 114F0F422F2150EA00B587F0 /* TidexWatchApp.app */; settings = {ATTRIBUTES = (RemoveHeadersOnCopy, ); }; };
		1152D0CB2F01E2A7002FD5ED /* StoreKit.framework in Frameworks */ = {isa = PBXBuildFile; fileRef = 1152D0CA2F01E2A7002FD5ED /* StoreKit.framework */; };
		11546CEB2F3E989700FC832F /* WidgetKit.framework in Frameworks */ = {isa = PBXBuildFile; fileRef = 11A5CD2F2F101283002BAC91 /* WidgetKit.framework */; };
		11546CEC2F3E989700FC832F /* SwiftUI.framework in Frameworks */ = {isa = PBXBuildFile; fileRef = 11A5CD312F101283002BAC91 /* SwiftUI.framework */; };
		11546CF92F3E989800FC832F /* WatchShiftWidgetExtension.appex in Embed Foundation Extensions */ = {isa = PBXBuildFile; fileRef = 11546CEA2F3E989700FC832F /* WatchShiftWidgetExtension.appex */; settings = {ATTRIBUTES = (RemoveHeadersOnCopy, ); }; };
		11923C192F16B94B0076AFD6 /* Auth in Frameworks */ = {isa = PBXBuildFile; productRef = 11923C182F16B94B0076AFD6 /* Auth */; };
		11923C1B2F16B94B0076AFD6 /* Functions in Frameworks */ = {isa = PBXBuildFile; productRef = 11923C1A2F16B94B0076AFD6 /* Functions */; };
		11923C1D2F16B94B0076AFD6 /* PostgREST in Frameworks */ = {isa = PBXBuildFile; productRef = 11923C1C2F16B94B0076AFD6 /* PostgREST */; };
		11923C1F2F16B94B0076AFD6 /* Storage in Frameworks */ = {isa = PBXBuildFile; productRef = 11923C1E2F16B94B0076AFD6 /* Storage */; };
		11923C222F16B98A0076AFD6 /* GoogleSignIn in Frameworks */ = {isa = PBXBuildFile; productRef = 11923C212F16B98A0076AFD6 /* GoogleSignIn */; };
		11923C242F16B98A0076AFD6 /* GoogleSignInSwift in Frameworks */ = {isa = PBXBuildFile; productRef = 11923C232F16B98A0076AFD6 /* GoogleSignInSwift */; };
		11923C262F16BB090076AFD6 /* Realtime in Frameworks */ = {isa = PBXBuildFile; productRef = 11923C252F16BB090076AFD6 /* Realtime */; };
		11923C282F16BB090076AFD6 /* Supabase in Frameworks */ = {isa = PBXBuildFile; productRef = 11923C272F16BB090076AFD6 /* Supabase */; };
		11A5CD302F101283002BAC91 /* WidgetKit.framework in Frameworks */ = {isa = PBXBuildFile; fileRef = 11A5CD2F2F101283002BAC91 /* WidgetKit.framework */; };
		11A5CD322F101283002BAC91 /* SwiftUI.framework in Frameworks */ = {isa = PBXBuildFile; fileRef = 11A5CD312F101283002BAC91 /* SwiftUI.framework */; };
		11A5CD412F101284002BAC91 /* TidexShiftWidgetExtension.appex in Embed Foundation Extensions */ = {isa = PBXBuildFile; fileRef = 11A5CD2E2F101283002BAC91 /* TidexShiftWidgetExtension.appex */; settings = {ATTRIBUTES = (RemoveHeadersOnCopy, ); }; };
		11CD7FA52F63CFC700A987E7 /* ExyteChat in Frameworks */ = {isa = PBXBuildFile; productRef = 11CD7FA42F63CFC700A987E7 /* ExyteChat */; };
		11DC87DD2F5D35990080D9F5 /* TidexNotificationService.appex in Embed Foundation Extensions */ = {isa = PBXBuildFile; fileRef = 11DC87D62F5D35990080D9F5 /* TidexNotificationService.appex */; settings = {ATTRIBUTES = (RemoveHeadersOnCopy, ); }; };
		11F0A0043011111100A1B2C3 /* Sentry-Dynamic in Frameworks */ = {isa = PBXBuildFile; productRef = 11F0A0033011111100A1B2C3 /* Sentry-Dynamic */; };
		12B4A0013015000001000001 /* TidexShareExtension.appex in Embed Foundation Extensions */ = {isa = PBXBuildFile; fileRef = 12B4A0043015000001000001 /* TidexShareExtension.appex */; settings = {ATTRIBUTES = (RemoveHeadersOnCopy, ); }; };
		12B4A0023015000001000001 /* SwiftUI.framework in Frameworks */ = {isa = PBXBuildFile; fileRef = 11A5CD312F101283002BAC91 /* SwiftUI.framework */; };
		188D65FF4E96734657711265 /* TestFixtures.swift in Sources */ = {isa = PBXBuildFile; fileRef = BBA96E3C55D5E2A591B70D8B /* TestFixtures.swift */; };
		28F6FF06BC66336F6EB302EB /* LocalStoreDirtyTrackingTests.swift in Sources */ = {isa = PBXBuildFile; fileRef = 17C231CE19CFAA490DE81FF7 /* LocalStoreDirtyTrackingTests.swift */; };
		33850FE44507426B0A15C5E8 /* ConflictExclusionTests.swift in Sources */ = {isa = PBXBuildFile; fileRef = 130A8BEBFDD69FBC1ABE1989 /* ConflictExclusionTests.swift */; };
		34B9BE74C916732F72B5D562 /* TidexAppUITests.swift in Sources */ = {isa = PBXBuildFile; fileRef = E83FE4169BADDD77256A8876 /* TidexAppUITests.swift */; };
		4E61778127607441CA2BF1FBF /* Resources/Localization/ShareExtension/Localizable.xcstrings in Resources */ = {isa = PBXBuildFile; fileRef = 4A55621F053164F42944E9C0F /* Resources/Localization/ShareExtension/Localizable.xcstrings */; };
		614F000A48D360E310B23368 /* PayrollEngineDateLogicTests.swift in Sources */ = {isa = PBXBuildFile; fileRef = 0565ABB83841254593809DC9 /* PayrollEngineDateLogicTests.swift */; };
		804DF1DCB28379E68FDFFDB8 /* SnapshotsServiceSelectionTests.swift in Sources */ = {isa = PBXBuildFile; fileRef = 00812533F4DF31764F2D8922 /* SnapshotsServiceSelectionTests.swift */; };
		88F1A2B33040111100A1B2C3 /* FriendsListOrderingTests.swift in Sources */ = {isa = PBXBuildFile; fileRef = 88F1A2B43040111100A1B2C4 /* FriendsListOrderingTests.swift */; };
		91106E689CB197BE16533EF4 /* PayrollTotalsTests.swift in Sources */ = {isa = PBXBuildFile; fileRef = 86C644A5A93C12DDD06C7136 /* PayrollTotalsTests.swift */; };
		9B92592ECD790DEF2F49BFA8 /* TemporaryClockSessionStoreTests.swift in Sources */ = {isa = PBXBuildFile; fileRef = 6D8D7241D325341331A471CA /* TemporaryClockSessionStoreTests.swift */; };
		A1B2C3D43031111100A1B2C3 /* LaunchAppearanceTests.swift in Sources */ = {isa = PBXBuildFile; fileRef = A1B2C3D53031111100A1B2C4 /* LaunchAppearanceTests.swift */; };
		A4460F5A061D70E12FA26564 /* SyncServerSnapshotDiffTests.swift in Sources */ = {isa = PBXBuildFile; fileRef = F0AE1C90FD39F1346509A1F3 /* SyncServerSnapshotDiffTests.swift */; };
		B0C03082D5FFE793DAD556DE /* SyncErrorTests.swift in Sources */ = {isa = PBXBuildFile; fileRef = E500F32D5A2178B806F072F4 /* SyncErrorTests.swift */; };
		C1D2E3F4308A111100A1B2C3 /* ImageCompressorTests.swift in Sources */ = {isa = PBXBuildFile; fileRef = C1D2E3F5308A111100A1B2C4 /* ImageCompressorTests.swift */; };
		C51778127607441CA2BF1FBF /* Resources/Localization/App/Localizable.xcstrings in Resources */ = {isa = PBXBuildFile; fileRef = 855621F053164F42944E9C0F /* Resources/Localization/App/Localizable.xcstrings */; };
		DF37C9E7F95FB8B021B0AD99 /* PayrollCalculatorBehaviorTests.swift in Sources */ = {isa = PBXBuildFile; fileRef = F59CB55051D16F41537F400E /* PayrollCalculatorBehaviorTests.swift */; };
		E61778127607441CA2BF1FBF /* Resources/Localization/Watch/Localizable.xcstrings in Resources */ = {isa = PBXBuildFile; fileRef = A55621F053164F42944E9C0F /* Resources/Localization/Watch/Localizable.xcstrings */; };
		FD26DD868C7656CD8CD4C4DD /* ClockSessionRulesTests.swift in Sources */ = {isa = PBXBuildFile; fileRef = B7074096369E0F26F206BF5C /* ClockSessionRulesTests.swift */; };
/* End PBXBuildFile section */

/* Begin PBXContainerItemProxy section */
		11546CF72F3E989800FC832F /* PBXContainerItemProxy */ = {
			isa = PBXContainerItemProxy;
			containerPortal = 504EC2FC1FED79650016851F /* Project object */;
			proxyType = 1;
			remoteGlobalIDString = 11546CE92F3E989700FC832F;
			remoteInfo = WatchShiftWidgetExtension;
		};
		11A5CD3F2F101284002BAC91 /* PBXContainerItemProxy */ = {
			isa = PBXContainerItemProxy;
			containerPortal = 504EC2FC1FED79650016851F /* Project object */;
			proxyType = 1;
			remoteGlobalIDString = 11A5CD2D2F101283002BAC91;
			remoteInfo = TidexShiftWidgetExtension;
		};
		11DC87DB2F5D35990080D9F5 /* PBXContainerItemProxy */ = {
			isa = PBXContainerItemProxy;
			containerPortal = 504EC2FC1FED79650016851F /* Project object */;
			proxyType = 1;
			remoteGlobalIDString = 11DC87D52F5D35990080D9F5;
			remoteInfo = TidexNotificationService;
		};
		12B4A0033015000001000001 /* PBXContainerItemProxy */ = {
			isa = PBXContainerItemProxy;
			containerPortal = 504EC2FC1FED79650016851F /* Project object */;
			proxyType = 1;
			remoteGlobalIDString = 12B4A0083015000001000001;
			remoteInfo = TidexShareExtension;
		};
		73C92BFDD02B4ABC9B4957C9 /* PBXContainerItemProxy */ = {
			isa = PBXContainerItemProxy;
			containerPortal = 504EC2FC1FED79650016851F /* Project object */;
			proxyType = 1;
			remoteGlobalIDString = 504EC3031FED79650016851F;
			remoteInfo = TidexApp;
		};
		FEF500599A80FDC2692DE54C /* PBXContainerItemProxy */ = {
			isa = PBXContainerItemProxy;
			containerPortal = 504EC2FC1FED79650016851F /* Project object */;
			proxyType = 1;
			remoteGlobalIDString = 504EC3031FED79650016851F;
			remoteInfo = TidexApp;
		};
/* End PBXContainerItemProxy section */

/* Begin PBXCopyFilesBuildPhase section */
		114F0F502F2150EA00B587F0 /* Embed Watch Content */ = {
			isa = PBXCopyFilesBuildPhase;
			buildActionMask = 2147483647;
			dstPath = "$(CONTENTS_FOLDER_PATH)/Watch";
			dstSubfolderSpec = 16;
			files = (
				114F0F4C2F2150EA00B587F0 /* TidexWatchApp.app in Embed Watch Content */,
			);
			name = "Embed Watch Content";
			runOnlyForDeploymentPostprocessing = 0;
		};
		11546CFE2F3E989800FC832F /* Embed Foundation Extensions */ = {
			isa = PBXCopyFilesBuildPhase;
			buildActionMask = 2147483647;
			dstPath = "";
			dstSubfolderSpec = 13;
			files = (
				11546CF92F3E989800FC832F /* WatchShiftWidgetExtension.appex in Embed Foundation Extensions */,
			);
			name = "Embed Foundation Extensions";
			runOnlyForDeploymentPostprocessing = 0;
		};
		11A5CD462F101284002BAC91 /* Embed Foundation Extensions */ = {
			isa = PBXCopyFilesBuildPhase;
			buildActionMask = 2147483647;
			dstPath = "";
			dstSubfolderSpec = 13;
			files = (
				12B4A0013015000001000001 /* TidexShareExtension.appex in Embed Foundation Extensions */,
				11DC87DD2F5D35990080D9F5 /* TidexNotificationService.appex in Embed Foundation Extensions */,
				11A5CD412F101284002BAC91 /* TidexShiftWidgetExtension.appex in Embed Foundation Extensions */,
			);
			name = "Embed Foundation Extensions";
			runOnlyForDeploymentPostprocessing = 0;
		};
/* End PBXCopyFilesBuildPhase section */

/* Begin PBXFileReference section */
		00812533F4DF31764F2D8922 /* SnapshotsServiceSelectionTests.swift */ = {isa = PBXFileReference; includeInIndex = 1; lastKnownFileType = sourcecode.swift; path = SnapshotsServiceSelectionTests.swift; sourceTree = "<group>"; };
		0565ABB83841254593809DC9 /* PayrollEngineDateLogicTests.swift */ = {isa = PBXFileReference; includeInIndex = 1; lastKnownFileType = sourcecode.swift; path = PayrollEngineDateLogicTests.swift; sourceTree = "<group>"; };
		114F0F422F2150EA00B587F0 /* TidexWatchApp.app */ = {isa = PBXFileReference; explicitFileType = wrapper.application; includeInIndex = 0; path = TidexWatchApp.app; sourceTree = BUILT_PRODUCTS_DIR; };
		1152D0CA2F01E2A7002FD5ED /* StoreKit.framework */ = {isa = PBXFileReference; lastKnownFileType = wrapper.framework; name = StoreKit.framework; path = System/Library/Frameworks/StoreKit.framework; sourceTree = SDKROOT; };
		11546CEA2F3E989700FC832F /* WatchShiftWidgetExtension.appex */ = {isa = PBXFileReference; explicitFileType = "wrapper.app-extension"; includeInIndex = 0; path = WatchShiftWidgetExtension.appex; sourceTree = BUILT_PRODUCTS_DIR; };
		11A5CD2E2F101283002BAC91 /* TidexShiftWidgetExtension.appex */ = {isa = PBXFileReference; explicitFileType = "wrapper.app-extension"; includeInIndex = 0; path = TidexShiftWidgetExtension.appex; sourceTree = BUILT_PRODUCTS_DIR; };
		11A5CD2F2F101283002BAC91 /* WidgetKit.framework */ = {isa = PBXFileReference; lastKnownFileType = wrapper.framework; name = WidgetKit.framework; path = System/Library/Frameworks/WidgetKit.framework; sourceTree = SDKROOT; };
		11A5CD312F101283002BAC91 /* SwiftUI.framework */ = {isa = PBXFileReference; lastKnownFileType = wrapper.framework; name = SwiftUI.framework; path = System/Library/Frameworks/SwiftUI.framework; sourceTree = SDKROOT; };
		11DC87D62F5D35990080D9F5 /* TidexNotificationService.appex */ = {isa = PBXFileReference; explicitFileType = "wrapper.app-extension"; includeInIndex = 0; path = TidexNotificationService.appex; sourceTree = BUILT_PRODUCTS_DIR; };
		12B4A0043015000001000001 /* TidexShareExtension.appex */ = {isa = PBXFileReference; explicitFileType = "wrapper.app-extension"; includeInIndex = 0; path = TidexShareExtension.appex; sourceTree = BUILT_PRODUCTS_DIR; };
		130A8BEBFDD69FBC1ABE1989 /* ConflictExclusionTests.swift */ = {isa = PBXFileReference; includeInIndex = 1; lastKnownFileType = sourcecode.swift; path = ConflictExclusionTests.swift; sourceTree = "<group>"; };
		17C231CE19CFAA490DE81FF7 /* LocalStoreDirtyTrackingTests.swift */ = {isa = PBXFileReference; includeInIndex = 1; lastKnownFileType = sourcecode.swift; path = LocalStoreDirtyTrackingTests.swift; sourceTree = "<group>"; };
		4A55621F053164F42944E9C0F /* Resources/Localization/ShareExtension/Localizable.xcstrings */ = {isa = PBXFileReference; lastKnownFileType = text.json.xcstrings; path = Resources/Localization/ShareExtension/Localizable.xcstrings; sourceTree = SOURCE_ROOT; };
		504EC3041FED79650016851F /* Tidex.app */ = {isa = PBXFileReference; explicitFileType = wrapper.application; includeInIndex = 0; path = Tidex.app; sourceTree = BUILT_PRODUCTS_DIR; };
		6BCA863EB86543B1471C227F /* TidexAppUITests.xctest */ = {isa = PBXFileReference; explicitFileType = wrapper.cfbundle; includeInIndex = 0; path = TidexAppUITests.xctest; sourceTree = BUILT_PRODUCTS_DIR; };
		6D8D7241D325341331A471CA /* TemporaryClockSessionStoreTests.swift */ = {isa = PBXFileReference; includeInIndex = 1; lastKnownFileType = sourcecode.swift; path = TemporaryClockSessionStoreTests.swift; sourceTree = "<group>"; };
		855621F053164F42944E9C0F /* Resources/Localization/App/Localizable.xcstrings */ = {isa = PBXFileReference; lastKnownFileType = text.json.xcstrings; path = Resources/Localization/App/Localizable.xcstrings; sourceTree = SOURCE_ROOT; };
		86C644A5A93C12DDD06C7136 /* PayrollTotalsTests.swift */ = {isa = PBXFileReference; includeInIndex = 1; lastKnownFileType = sourcecode.swift; path = PayrollTotalsTests.swift; sourceTree = "<group>"; };
		88F1A2B43040111100A1B2C4 /* FriendsListOrderingTests.swift */ = {isa = PBXFileReference; includeInIndex = 1; lastKnownFileType = sourcecode.swift; path = FriendsListOrderingTests.swift; sourceTree = "<group>"; };
		958DCC722DB07C7200EA8C5F /* debug.xcconfig */ = {isa = PBXFileReference; lastKnownFileType = text.xcconfig; path = debug.xcconfig; sourceTree = SOURCE_ROOT; };
		958DCC732DB07C7200EA8C5F /* release.xcconfig */ = {isa = PBXFileReference; lastKnownFileType = text.xcconfig; path = release.xcconfig; sourceTree = SOURCE_ROOT; };
		958DCC742DB07C7200EA8C5F /* Version.xcconfig */ = {isa = PBXFileReference; lastKnownFileType = text.xcconfig; path = Version.xcconfig; sourceTree = SOURCE_ROOT; };
		A1B2C3D53031111100A1B2C4 /* LaunchAppearanceTests.swift */ = {isa = PBXFileReference; includeInIndex = 1; lastKnownFileType = sourcecode.swift; path = LaunchAppearanceTests.swift; sourceTree = "<group>"; };
		A4248071679BBCCA5D3CCBC5 /* TidexAppTests.xctest */ = {isa = PBXFileReference; explicitFileType = wrapper.cfbundle; includeInIndex = 0; path = TidexAppTests.xctest; sourceTree = BUILT_PRODUCTS_DIR; };
		A55621F053164F42944E9C0F /* Resources/Localization/Watch/Localizable.xcstrings */ = {isa = PBXFileReference; lastKnownFileType = text.json.xcstrings; path = Resources/Localization/Watch/Localizable.xcstrings; sourceTree = SOURCE_ROOT; };
		B7074096369E0F26F206BF5C /* ClockSessionRulesTests.swift */ = {isa = PBXFileReference; includeInIndex = 1; lastKnownFileType = sourcecode.swift; path = ClockSessionRulesTests.swift; sourceTree = "<group>"; };
		BBA96E3C55D5E2A591B70D8B /* TestFixtures.swift */ = {isa = PBXFileReference; includeInIndex = 1; lastKnownFileType = sourcecode.swift; name = TestFixtures.swift; path = TestSupport/TestFixtures.swift; sourceTree = "<group>"; };
		C1D2E3F5308A111100A1B2C4 /* ImageCompressorTests.swift */ = {isa = PBXFileReference; includeInIndex = 1; lastKnownFileType = sourcecode.swift; path = ImageCompressorTests.swift; sourceTree = "<group>"; };
		E500F32D5A2178B806F072F4 /* SyncErrorTests.swift */ = {isa = PBXFileReference; includeInIndex = 1; lastKnownFileType = sourcecode.swift; path = SyncErrorTests.swift; sourceTree = "<group>"; };
		E83FE4169BADDD77256A8876 /* TidexAppUITests.swift */ = {isa = PBXFileReference; includeInIndex = 1; lastKnownFileType = sourcecode.swift; path = TidexAppUITests.swift; sourceTree = "<group>"; };
		F0AE1C90FD39F1346509A1F3 /* SyncServerSnapshotDiffTests.swift */ = {isa = PBXFileReference; includeInIndex = 1; lastKnownFileType = sourcecode.swift; path = SyncServerSnapshotDiffTests.swift; sourceTree = "<group>"; };
		F59CB55051D16F41537F400E /* PayrollCalculatorBehaviorTests.swift */ = {isa = PBXFileReference; includeInIndex = 1; lastKnownFileType = sourcecode.swift; path = PayrollCalculatorBehaviorTests.swift; sourceTree = "<group>"; };
/* End PBXFileReference section */

/* Begin PBXFileSystemSynchronizedBuildFileExceptionSet section */
		113F7F842F1017390078A6D8 /* PBXFileSystemSynchronizedBuildFileExceptionSet */ = {
			isa = PBXFileSystemSynchronizedBuildFileExceptionSet;
			membershipExceptions = (
				Info.plist,
			);
			target = 11A5CD2D2F101283002BAC91 /* TidexShiftWidgetExtension */;
		};
		11546CFD2F3E989900FC832F /* PBXFileSystemSynchronizedBuildFileExceptionSet */ = {
			isa = PBXFileSystemSynchronizedBuildFileExceptionSet;
			membershipExceptions = (
				Supporting/Info.plist,
			);
			target = 11546CE92F3E989700FC832F /* WatchShiftWidgetExtension */;
		};
		1154802F2F3E9BA700FC832F /* PBXFileSystemSynchronizedBuildFileExceptionSet */ = {
			isa = PBXFileSystemSynchronizedBuildFileExceptionSet;
			membershipExceptions = (
				ShiftPreviewStatus.swift,
				WatchDataPayload.swift,
				WatchShiftDTO.swift,
			);
			target = 11546CE92F3E989700FC832F /* WatchShiftWidgetExtension */;
		};
		115480332F3E9BCD00FC832F /* PBXFileSystemSynchronizedBuildFileExceptionSet */ = {
			isa = PBXFileSystemSynchronizedBuildFileExceptionSet;
			membershipExceptions = (
				Store/WatchDataStore.swift,
			);
			target = 11546CE92F3E989700FC832F /* WatchShiftWidgetExtension */;
		};
		115480352F3E9BF500FC832F /* PBXFileSystemSynchronizedBuildFileExceptionSet */ = {
			isa = PBXFileSystemSynchronizedBuildFileExceptionSet;
			membershipExceptions = (
				Localization/Watch/Localizable.xcstrings,
			);
			target = 11546CE92F3E989700FC832F /* WatchShiftWidgetExtension */;
		};
		115480372F3E9C1500FC832F /* PBXFileSystemSynchronizedBuildFileExceptionSet */ = {
			isa = PBXFileSystemSynchronizedBuildFileExceptionSet;
			membershipExceptions = (
				Localization/Widget/Localizable.xcstrings,
			);
			target = 11A5CD2D2F101283002BAC91 /* TidexShiftWidgetExtension */;
		};
		11828E5A2F2828A1008A1A80 /* PBXFileSystemSynchronizedBuildFileExceptionSet */ = {
			isa = PBXFileSystemSynchronizedBuildFileExceptionSet;
			membershipExceptions = (
				Supporting/Info.plist,
			);
			target = 504EC3031FED79650016851F /* TidexApp */;
		};
		11828EBC2F2AE096008A1A80 /* PBXFileSystemSynchronizedBuildFileExceptionSet */ = {
			isa = PBXFileSystemSynchronizedBuildFileExceptionSet;
			membershipExceptions = (
				FriendsAPIClient.swift,
				SharedKeychainStorage.swift,
			);
			target = 11A5CD2D2F101283002BAC91 /* TidexShiftWidgetExtension */;
		};
		11DC87E12F5D35990080D9F5 /* PBXFileSystemSynchronizedBuildFileExceptionSet */ = {
			isa = PBXFileSystemSynchronizedBuildFileExceptionSet;
			membershipExceptions = (
				Info.plist,
			);
			target = 11DC87D52F5D35990080D9F5 /* TidexNotificationService */;
		};
		12B4A0053015000001000001 /* PBXFileSystemSynchronizedBuildFileExceptionSet */ = {
			isa = PBXFileSystemSynchronizedBuildFileExceptionSet;
			membershipExceptions = (
				Info.plist,
			);
			target = 12B4A0083015000001000001 /* TidexShareExtension */;
		};
/* End PBXFileSystemSynchronizedBuildFileExceptionSet section */

/* Begin PBXFileSystemSynchronizedRootGroup section */
		1140276C2F305643004065AD /* Resources */ = {isa = PBXFileSystemSynchronizedRootGroup; exceptions = (115480372F3E9C1500FC832F /* PBXFileSystemSynchronizedBuildFileExceptionSet */, 115480352F3E9BF500FC832F /* PBXFileSystemSynchronizedBuildFileExceptionSet */, ); explicitFileTypes = {}; explicitFolders = (); path = Resources; sourceTree = "<group>"; };
		114F0F432F2150EA00B587F0 /* TidexWatchApp */ = {isa = PBXFileSystemSynchronizedRootGroup; exceptions = (115480332F3E9BCD00FC832F /* PBXFileSystemSynchronizedBuildFileExceptionSet */, ); explicitFileTypes = {}; explicitFolders = (); path = TidexWatchApp; sourceTree = "<group>"; };
		11546CED2F3E989700FC832F /* WatchShiftWidget */ = {isa = PBXFileSystemSynchronizedRootGroup; exceptions = (11546CFD2F3E989900FC832F /* PBXFileSystemSynchronizedBuildFileExceptionSet */, ); explicitFileTypes = {}; explicitFolders = (); path = WatchShiftWidget; sourceTree = "<group>"; };
		11828D5E2F2828A1008A1A80 /* TidexApp */ = {isa = PBXFileSystemSynchronizedRootGroup; exceptions = (11828E5A2F2828A1008A1A80 /* PBXFileSystemSynchronizedBuildFileExceptionSet */, ); explicitFileTypes = {}; explicitFolders = (); path = TidexApp; sourceTree = "<group>"; };
		11828EAF2F2AE096008A1A80 /* Shared */ = {isa = PBXFileSystemSynchronizedRootGroup; exceptions = (11828EBC2F2AE096008A1A80 /* PBXFileSystemSynchronizedBuildFileExceptionSet */, 1154802F2F3E9BA700FC832F /* PBXFileSystemSynchronizedBuildFileExceptionSet */, ); explicitFileTypes = {}; explicitFolders = (); path = Shared; sourceTree = "<group>"; };
		11A5CD332F101283002BAC91 /* TidexShiftWidget */ = {isa = PBXFileSystemSynchronizedRootGroup; exceptions = (113F7F842F1017390078A6D8 /* PBXFileSystemSynchronizedBuildFileExceptionSet */, ); explicitFileTypes = {}; explicitFolders = (); path = TidexShiftWidget; sourceTree = "<group>"; };
		11DC87D72F5D35990080D9F5 /* TidexNotificationService */ = {isa = PBXFileSystemSynchronizedRootGroup; exceptions = (11DC87E12F5D35990080D9F5 /* PBXFileSystemSynchronizedBuildFileExceptionSet */, ); explicitFileTypes = {}; explicitFolders = (); path = TidexNotificationService; sourceTree = "<group>"; };
		12B4A0063015000001000001 /* TidexShareExtension */ = {isa = PBXFileSystemSynchronizedRootGroup; exceptions = (12B4A0053015000001000001 /* PBXFileSystemSynchronizedBuildFileExceptionSet */, ); explicitFileTypes = {}; explicitFolders = (); path = TidexShareExtension; sourceTree = "<group>"; };
/* End PBXFileSystemSynchronizedRootGroup section */

/* Begin PBXFrameworksBuildPhase section */
		114F0F3F2F2150EA00B587F0 /* Frameworks */ = {
			isa = PBXFrameworksBuildPhase;
			buildActionMask = 2147483647;
			files = (
			);
			runOnlyForDeploymentPostprocessing = 0;
		};
		11546CE72F3E989700FC832F /* Frameworks */ = {
			isa = PBXFrameworksBuildPhase;
			buildActionMask = 2147483647;
			files = (
				11546CEC2F3E989700FC832F /* SwiftUI.framework in Frameworks */,
				11546CEB2F3E989700FC832F /* WidgetKit.framework in Frameworks */,
			);
			runOnlyForDeploymentPostprocessing = 0;
		};
		11A5CD2B2F101283002BAC91 /* Frameworks */ = {
			isa = PBXFrameworksBuildPhase;
			buildActionMask = 2147483647;
			files = (
				11A5CD322F101283002BAC91 /* SwiftUI.framework in Frameworks */,
				11A5CD302F101283002BAC91 /* WidgetKit.framework in Frameworks */,
			);
			runOnlyForDeploymentPostprocessing = 0;
		};
		11DC87D32F5D35990080D9F5 /* Frameworks */ = {
			isa = PBXFrameworksBuildPhase;
			buildActionMask = 2147483647;
			files = (
			);
			runOnlyForDeploymentPostprocessing = 0;
		};
		12B4A0073015000001000001 /* Frameworks */ = {
			isa = PBXFrameworksBuildPhase;
			buildActionMask = 2147483647;
			files = (
				12B4A0023015000001000001 /* SwiftUI.framework in Frameworks */,
			);
			runOnlyForDeploymentPostprocessing = 0;
		};
		1AC8D86AACFE6830D8425FC1 /* Frameworks */ = {
			isa = PBXFrameworksBuildPhase;
			buildActionMask = 2147483647;
			files = (
			);
			runOnlyForDeploymentPostprocessing = 0;
		};
		504EC3011FED79650016851F /* Frameworks */ = {
			isa = PBXFrameworksBuildPhase;
			buildActionMask = 2147483647;
			files = (
				11CD7FA52F63CFC700A987E7 /* ExyteChat in Frameworks */,
				11923C282F16BB090076AFD6 /* Supabase in Frameworks */,
				11923C262F16BB090076AFD6 /* Realtime in Frameworks */,
				11923C1F2F16B94B0076AFD6 /* Storage in Frameworks */,
				11263D3C2F2FF22700233D63 /* CropViewController in Frameworks */,
				1152D0CB2F01E2A7002FD5ED /* StoreKit.framework in Frameworks */,
				11923C242F16B98A0076AFD6 /* GoogleSignInSwift in Frameworks */,
				11923C1B2F16B94B0076AFD6 /* Functions in Frameworks */,
				11923C192F16B94B0076AFD6 /* Auth in Frameworks */,
				11923C1D2F16B94B0076AFD6 /* PostgREST in Frameworks */,
				11263D402F2FF3F700233D63 /* TOCropViewController in Frameworks */,
				11923C222F16B98A0076AFD6 /* GoogleSignIn in Frameworks */,
				11F0A0043011111100A1B2C3 /* Sentry-Dynamic in Frameworks */,
			);
			runOnlyForDeploymentPostprocessing = 0;
		};
		CD2124EAB75771313E351310 /* Frameworks */ = {
			isa = PBXFrameworksBuildPhase;
			buildActionMask = 2147483647;
			files = (
			);
			runOnlyForDeploymentPostprocessing = 0;
		};
/* End PBXFrameworksBuildPhase section */

/* Begin PBXGroup section */
		11264B892F301BB900233D63 /* Recovered References */ = {
			isa = PBXGroup;
			children = (
				855621F053164F42944E9C0F /* Resources/Localization/App/Localizable.xcstrings */,
				4A55621F053164F42944E9C0F /* Resources/Localization/ShareExtension/Localizable.xcstrings */,
				A55621F053164F42944E9C0F /* Resources/Localization/Watch/Localizable.xcstrings */,
			);
			name = "Recovered References";
			sourceTree = "<group>";
		};
		1152D0C92F01E2A7002FD5ED /* Frameworks */ = {
			isa = PBXGroup;
			children = (
				1152D0CA2F01E2A7002FD5ED /* StoreKit.framework */,
				11A5CD2F2F101283002BAC91 /* WidgetKit.framework */,
				11A5CD312F101283002BAC91 /* SwiftUI.framework */,
			);
			name = Frameworks;
			sourceTree = "<group>";
		};
		141C1CD8A0A066C3D06F647B /* TidexAppUITests */ = {
			isa = PBXGroup;
			children = (
				E83FE4169BADDD77256A8876 /* TidexAppUITests.swift */,
			);
			path = TidexAppUITests;
			sourceTree = "<group>";
		};
		490F8B0AF0BA025DA4C44BCF /* TidexAppTests */ = {
			isa = PBXGroup;
			children = (
				130A8BEBFDD69FBC1ABE1989 /* ConflictExclusionTests.swift */,
				F59CB55051D16F41537F400E /* PayrollCalculatorBehaviorTests.swift */,
				0565ABB83841254593809DC9 /* PayrollEngineDateLogicTests.swift */,
				86C644A5A93C12DDD06C7136 /* PayrollTotalsTests.swift */,
				88F1A2B43040111100A1B2C4 /* FriendsListOrderingTests.swift */,
				A1B2C3D53031111100A1B2C4 /* LaunchAppearanceTests.swift */,
				C1D2E3F5308A111100A1B2C4 /* ImageCompressorTests.swift */,
				00812533F4DF31764F2D8922 /* SnapshotsServiceSelectionTests.swift */,
				BBA96E3C55D5E2A591B70D8B /* TestFixtures.swift */,
				B7074096369E0F26F206BF5C /* ClockSessionRulesTests.swift */,
				E500F32D5A2178B806F072F4 /* SyncErrorTests.swift */,
				F0AE1C90FD39F1346509A1F3 /* SyncServerSnapshotDiffTests.swift */,
				6D8D7241D325341331A471CA /* TemporaryClockSessionStoreTests.swift */,
				17C231CE19CFAA490DE81FF7 /* LocalStoreDirtyTrackingTests.swift */,
			);
			path = TidexAppTests;
			sourceTree = "<group>";
		};
		504EC2FB1FED79650016851F = {
			isa = PBXGroup;
			children = (
				1140276C2F305643004065AD /* Resources */,
				11828EAF2F2AE096008A1A80 /* Shared */,
				958DCC722DB07C7200EA8C5F /* debug.xcconfig */,
				958DCC732DB07C7200EA8C5F /* release.xcconfig */,
				958DCC742DB07C7200EA8C5F /* Version.xcconfig */,
				11828D5E2F2828A1008A1A80 /* TidexApp */,
				12B4A0063015000001000001 /* TidexShareExtension */,
				11A5CD332F101283002BAC91 /* TidexShiftWidget */,
				114F0F432F2150EA00B587F0 /* TidexWatchApp */,
				11546CED2F3E989700FC832F /* WatchShiftWidget */,
				11DC87D72F5D35990080D9F5 /* TidexNotificationService */,
				1152D0C92F01E2A7002FD5ED /* Frameworks */,
				504EC3051FED79650016851F /* Products */,
				11264B892F301BB900233D63 /* Recovered References */,
				490F8B0AF0BA025DA4C44BCF /* TidexAppTests */,
				141C1CD8A0A066C3D06F647B /* TidexAppUITests */,
			);
			sourceTree = "<group>";
		};
		504EC3051FED79650016851F /* Products */ = {
			isa = PBXGroup;
			children = (
				504EC3041FED79650016851F /* Tidex.app */,
				12B4A0043015000001000001 /* TidexShareExtension.appex */,
				11A5CD2E2F101283002BAC91 /* TidexShiftWidgetExtension.appex */,
				114F0F422F2150EA00B587F0 /* TidexWatchApp.app */,
				11546CEA2F3E989700FC832F /* WatchShiftWidgetExtension.appex */,
				A4248071679BBCCA5D3CCBC5 /* TidexAppTests.xctest */,
				6BCA863EB86543B1471C227F /* TidexAppUITests.xctest */,
				11DC87D62F5D35990080D9F5 /* TidexNotificationService.appex */,
			);
			name = Products;
			sourceTree = "<group>";
		};
/* End PBXGroup section */

/* Begin PBXNativeTarget section */
		114F0F412F2150EA00B587F0 /* TidexWatchApp */ = {
			isa = PBXNativeTarget;
			buildConfigurationList = 114F0F4D2F2150EA00B587F0 /* Build configuration list for PBXNativeTarget "TidexWatchApp" */;
			buildPhases = (
				114F0F3E2F2150EA00B587F0 /* Sources */,
				114F0F3F2F2150EA00B587F0 /* Frameworks */,
				114F0F402F2150EA00B587F0 /* Resources */,
				11546CFE2F3E989800FC832F /* Embed Foundation Extensions */,
			);
			buildRules = (
			);
			dependencies = (
				11546CF82F3E989800FC832F /* PBXTargetDependency */,
			);
			fileSystemSynchronizedGroups = (
				114F0F432F2150EA00B587F0 /* TidexWatchApp */,
				11828EAF2F2AE096008A1A80 /* Shared */,
			);
			name = TidexWatchApp;
			productName = "TidexWatchApp Watch App";
			productReference = 114F0F422F2150EA00B587F0 /* TidexWatchApp.app */;
			productType = "com.apple.product-type.application";
		};
		11546CE92F3E989700FC832F /* WatchShiftWidgetExtension */ = {
			isa = PBXNativeTarget;
			buildConfigurationList = 11546CFB2F3E989800FC832F /* Build configuration list for PBXNativeTarget "WatchShiftWidgetExtension" */;
			buildPhases = (
				11546CE62F3E989700FC832F /* Sources */,
				11546CE72F3E989700FC832F /* Frameworks */,
				11546CE82F3E989700FC832F /* Resources */,
			);
			buildRules = (
			);
			dependencies = (
			);
			fileSystemSynchronizedGroups = (
				11546CED2F3E989700FC832F /* WatchShiftWidget */,
			);
			name = WatchShiftWidgetExtension;
			productName = WatchShiftWidgetExtension;
			productReference = 11546CEA2F3E989700FC832F /* WatchShiftWidgetExtension.appex */;
			productType = "com.apple.product-type.app-extension";
		};
		11A5CD2D2F101283002BAC91 /* TidexShiftWidgetExtension */ = {
			isa = PBXNativeTarget;
			buildConfigurationList = 11A5CD432F101284002BAC91 /* Build configuration list for PBXNativeTarget "TidexShiftWidgetExtension" */;
			buildPhases = (
				11A5CD2A2F101283002BAC91 /* Sources */,
				11A5CD2B2F101283002BAC91 /* Frameworks */,
				11A5CD2C2F101283002BAC91 /* Resources */,
			);
			buildRules = (
			);
			dependencies = (
			);
			fileSystemSynchronizedGroups = (
				11A5CD332F101283002BAC91 /* TidexShiftWidget */,
			);
			name = TidexShiftWidgetExtension;
			productName = TidexShiftWidgetExtension;
			productReference = 11A5CD2E2F101283002BAC91 /* TidexShiftWidgetExtension.appex */;
			productType = "com.apple.product-type.app-extension";
		};
		11DC87D52F5D35990080D9F5 /* TidexNotificationService */ = {
			isa = PBXNativeTarget;
			buildConfigurationList = 11DC87DE2F5D35990080D9F5 /* Build configuration list for PBXNativeTarget "TidexNotificationService" */;
			buildPhases = (
				11DC87D22F5D35990080D9F5 /* Sources */,
				11DC87D32F5D35990080D9F5 /* Frameworks */,
				11DC87D42F5D35990080D9F5 /* Resources */,
			);
			buildRules = (
			);
			dependencies = (
			);
			fileSystemSynchronizedGroups = (
				11DC87D72F5D35990080D9F5 /* TidexNotificationService */,
			);
			name = TidexNotificationService;
			packageProductDependencies = (
			);
			productName = TidexNotificationService;
			productReference = 11DC87D62F5D35990080D9F5 /* TidexNotificationService.appex */;
			productType = "com.apple.product-type.app-extension";
		};
		12B4A0083015000001000001 /* TidexShareExtension */ = {
			isa = PBXNativeTarget;
			buildConfigurationList = 12B4A00E3015000001000001 /* Build configuration list for PBXNativeTarget "TidexShareExtension" */;
			buildPhases = (
				12B4A00A3015000001000001 /* Sources */,
				12B4A0073015000001000001 /* Frameworks */,
				12B4A0093015000001000001 /* Resources */,
			);
			buildRules = (
			);
			dependencies = (
			);
			fileSystemSynchronizedGroups = (
				11828EAF2F2AE096008A1A80 /* Shared */,
				12B4A0063015000001000001 /* TidexShareExtension */,
			);
			name = TidexShareExtension;
			productName = TidexShareExtension;
			productReference = 12B4A0043015000001000001 /* TidexShareExtension.appex */;
			productType = "com.apple.product-type.app-extension";
		};
		15E19F36EFB14A527CF41BEB /* TidexAppTests */ = {
			isa = PBXNativeTarget;
			buildConfigurationList = F4383DBE864F1EB34B00FBDD /* Build configuration list for PBXNativeTarget "TidexAppTests" */;
			buildPhases = (
				C5396A8E35F22AEB6C49E5AF /* Sources */,
				1AC8D86AACFE6830D8425FC1 /* Frameworks */,
				3E7B50ECFB1BD185BDF946E7 /* Resources */,
			);
			buildRules = (
			);
			dependencies = (
				7F938A296190A6C2DC111B80 /* PBXTargetDependency */,
			);
			name = TidexAppTests;
			productName = TidexAppTests;
			productReference = A4248071679BBCCA5D3CCBC5 /* TidexAppTests.xctest */;
			productType = "com.apple.product-type.bundle.unit-test";
		};
		504EC3031FED79650016851F /* TidexApp */ = {
			isa = PBXNativeTarget;
			buildConfigurationList = 504EC3161FED79650016851F /* Build configuration list for PBXNativeTarget "TidexApp" */;
			buildPhases = (
				2A769896854F4D269CC244B9 /* Generate BuildNumber.xcconfig */,
				2A769897854F4D269CC244B9 /* Include Giphy dSYM */,
				504EC3001FED79650016851F /* Sources */,
				504EC3011FED79650016851F /* Frameworks */,
				504EC3021FED79650016851F /* Resources */,
				11A5CD462F101284002BAC91 /* Embed Foundation Extensions */,
				114F0F502F2150EA00B587F0 /* Embed Watch Content */,
			);
			buildRules = (
			);
			dependencies = (
				12B4A00B3015000001000001 /* PBXTargetDependency */,
				11A5CD402F101284002BAC91 /* PBXTargetDependency */,
				11DC87DC2F5D35990080D9F5 /* PBXTargetDependency */,
			);
			fileSystemSynchronizedGroups = (
				11828D5E2F2828A1008A1A80 /* TidexApp */,
				11828EAF2F2AE096008A1A80 /* Shared */,
			);
			name = TidexApp;
			packageProductDependencies = (
				11923C182F16B94B0076AFD6 /* Auth */,
				11923C1A2F16B94B0076AFD6 /* Functions */,
				11923C1C2F16B94B0076AFD6 /* PostgREST */,
				11923C1E2F16B94B0076AFD6 /* Storage */,
				11923C212F16B98A0076AFD6 /* GoogleSignIn */,
				11923C232F16B98A0076AFD6 /* GoogleSignInSwift */,
				11923C252F16BB090076AFD6 /* Realtime */,
				11923C272F16BB090076AFD6 /* Supabase */,
				11263D3B2F2FF22700233D63 /* CropViewController */,
				11263D3F2F2FF3F700233D63 /* TOCropViewController */,
				11F0A0033011111100A1B2C3 /* Sentry-Dynamic */,
				11CD7FA42F63CFC700A987E7 /* ExyteChat */,
			);
			productName = App;
			productReference = 504EC3041FED79650016851F /* Tidex.app */;
			productType = "com.apple.product-type.application";
		};
		8BA2D8E28A988E2E920ACBE5 /* TidexAppUITests */ = {
			isa = PBXNativeTarget;
			buildConfigurationList = 1629D0282BDBAF780D3B871D /* Build configuration list for PBXNativeTarget "TidexAppUITests" */;
			buildPhases = (
				663BB16168D836E54DDA7F33 /* Sources */,
				CD2124EAB75771313E351310 /* Frameworks */,
				1CA2925CAB7E6266BB40076B /* Resources */,
			);
			buildRules = (
			);
			dependencies = (
				0DE11AA7F5D110333AB7EEA8 /* PBXTargetDependency */,
			);
			name = TidexAppUITests;
			productName = TidexAppUITests;
			productReference = 6BCA863EB86543B1471C227F /* TidexAppUITests.xctest */;
			productType = "com.apple.product-type.bundle.ui-testing";
		};
/* End PBXNativeTarget section */

/* Begin PBXProject section */
		504EC2FC1FED79650016851F /* Project object */ = {
			isa = PBXProject;
			attributes = {
				BuildIndependentTargetsInParallel = YES;
				LastSwiftUpdateCheck = 2630;
				LastUpgradeCheck = 2630;
				TargetAttributes = {
					114F0F412F2150EA00B587F0 = {
						CreatedOnToolsVersion = 26.2;
					};
					11546CE92F3E989700FC832F = {
						CreatedOnToolsVersion = 26.3;
					};
					11A5CD2D2F101283002BAC91 = {
						CreatedOnToolsVersion = 26.2;
					};
					11DC87D52F5D35990080D9F5 = {
						CreatedOnToolsVersion = 26.3;
					};
					12B4A0083015000001000001 = {
						CreatedOnToolsVersion = 26.3;
					};
					504EC3031FED79650016851F = {
						CreatedOnToolsVersion = 9.2;
						LastSwiftMigration = 1100;
						ProvisioningStyle = Automatic;
					};
				};
			};
			buildConfigurationList = 504EC2FF1FED79650016851F /* Build configuration list for PBXProject "Tidex" */;
			compatibilityVersion = "Xcode 8.0";
			developmentRegion = en;
			hasScannedForEncodings = 0;
			knownRegions = (
				en,
				de,
				fr,
				es,
				it,
				nl,
				"pt-BR",
				ca,
				nb,
				nn,
				sv,
				da,
				fi,
				is,
				et,
				lv,
				lt,
				hu,
				cs,
				sk,
				sl,
				pl,
				ru,
				uk,
				ro,
				bg,
				hr,
				sr,
				el,
				tr,
				ar,
				he,
				fa,
				ur,
				hi,
				bn,
				ta,
				ja,
				ko,
				"zh-Hans",
				"zh-Hant",
				th,
				vi,
				id,
				fil,
				sw,
				Base,
			);
			mainGroup = 504EC2FB1FED79650016851F;
			packageReferences = (
				11923C172F16B94B0076AFD6 /* XCRemoteSwiftPackageReference "supabase-swift" */,
				11923C202F16B98A0076AFD6 /* XCRemoteSwiftPackageReference "GoogleSignIn-iOS" */,
				11263D3A2F2FF22700233D63 /* XCRemoteSwiftPackageReference "TOCropViewController" */,
				11F0A0023011111100A1B2C3 /* XCRemoteSwiftPackageReference "sentry-cocoa" */,
				11CD7FA32F63CFC700A987E7 /* XCRemoteSwiftPackageReference "Chat" */,
			);
			productRefGroup = 504EC3051FED79650016851F /* Products */;
			projectDirPath = "";
			projectRoot = "";
			targets = (
				504EC3031FED79650016851F /* TidexApp */,
				12B4A0083015000001000001 /* TidexShareExtension */,
				11A5CD2D2F101283002BAC91 /* TidexShiftWidgetExtension */,
				114F0F412F2150EA00B587F0 /* TidexWatchApp */,
				11546CE92F3E989700FC832F /* WatchShiftWidgetExtension */,
				15E19F36EFB14A527CF41BEB /* TidexAppTests */,
				8BA2D8E28A988E2E920ACBE5 /* TidexAppUITests */,
				11DC87D52F5D35990080D9F5 /* TidexNotificationService */,
			);
		};
/* End PBXProject section */

/* Begin PBXResourcesBuildPhase section */
		114F0F402F2150EA00B587F0 /* Resources */ = {
			isa = PBXResourcesBuildPhase;
			buildActionMask = 2147483647;
			files = (
				E61778127607441CA2BF1FBF /* Resources/Localization/Watch/Localizable.xcstrings in Resources */,
			);
			runOnlyForDeploymentPostprocessing = 0;
		};
		11546CE82F3E989700FC832F /* Resources */ = {
			isa = PBXResourcesBuildPhase;
			buildActionMask = 2147483647;
			files = (
			);
			runOnlyForDeploymentPostprocessing = 0;
		};
		11A5CD2C2F101283002BAC91 /* Resources */ = {
			isa = PBXResourcesBuildPhase;
			buildActionMask = 2147483647;
			files = (
			);
			runOnlyForDeploymentPostprocessing = 0;
		};
		11DC87D42F5D35990080D9F5 /* Resources */ = {
			isa = PBXResourcesBuildPhase;
			buildActionMask = 2147483647;
			files = (
			);
			runOnlyForDeploymentPostprocessing = 0;
		};
		12B4A0093015000001000001 /* Resources */ = {
			isa = PBXResourcesBuildPhase;
			buildActionMask = 2147483647;
			files = (
				4E61778127607441CA2BF1FBF /* Resources/Localization/ShareExtension/Localizable.xcstrings in Resources */,
			);
			runOnlyForDeploymentPostprocessing = 0;
		};
		1CA2925CAB7E6266BB40076B /* Resources */ = {
			isa = PBXResourcesBuildPhase;
			buildActionMask = 2147483647;
			files = (
			);
			runOnlyForDeploymentPostprocessing = 0;
		};
		3E7B50ECFB1BD185BDF946E7 /* Resources */ = {
			isa = PBXResourcesBuildPhase;
			buildActionMask = 2147483647;
			files = (
			);
			runOnlyForDeploymentPostprocessing = 0;
		};
		504EC3021FED79650016851F /* Resources */ = {
			isa = PBXResourcesBuildPhase;
			buildActionMask = 2147483647;
			files = (
				C51778127607441CA2BF1FBF /* Resources/Localization/App/Localizable.xcstrings in Resources */,
			);
			runOnlyForDeploymentPostprocessing = 0;
		};
/* End PBXResourcesBuildPhase section */

/* Begin PBXShellScriptBuildPhase section */
		2A769896854F4D269CC244B9 /* Generate BuildNumber.xcconfig */ = {
			isa = PBXShellScriptBuildPhase;
			alwaysOutOfDate = 1;
			buildActionMask = 2147483647;
			files = (
			);
			inputFileListPaths = (
			);
			inputPaths = (
			);
			name = "Generate BuildNumber.xcconfig";
			outputFileListPaths = (
			);
			outputPaths = (
			);
			runOnlyForDeploymentPostprocessing = 0;
			shellPath = /bin/sh;
			shellScript = "BUILD=\"$(TZ=Europe/Oslo date +%Y%m%d.%H%M)\"\nOUT=\"${SRCROOT}/BuildNumber.xcconfig\"\nprintf 'CURRENT_PROJECT_VERSION = %s\\n' \"$BUILD\" > \"$OUT\"\necho \"Generated CURRENT_PROJECT_VERSION=$BUILD\"\n";
			showEnvVarsInLog = 0;
		};
		2A769897854F4D269CC244B9 /* Include Giphy dSYM */ = {
			isa = PBXShellScriptBuildPhase;
			buildActionMask = 2147483647;
			files = (
			);
			inputFileListPaths = (
			);
			inputPaths = (
				"$(SRCROOT)/Vendor/Giphy/ios_devices_GiphyUISDK.framework.dSYM.zip",
			);
			name = "Include Giphy dSYM";
			outputFileListPaths = (
			);
			outputPaths = (
				"$(DWARF_DSYM_FOLDER_PATH)/GiphyUISDK.framework.dSYM",
			);
			runOnlyForDeploymentPostprocessing = 0;
			shellPath = /bin/sh;
			shellScript = "\"${SRCROOT}/Scripts/include-giphy-dsym.sh\"\n";
			showEnvVarsInLog = 0;
		};
/* End PBXShellScriptBuildPhase section */

/* Begin PBXSourcesBuildPhase section */
		114F0F3E2F2150EA00B587F0 /* Sources */ = {
			isa = PBXSourcesBuildPhase;
			buildActionMask = 2147483647;
			files = (
			);
			runOnlyForDeploymentPostprocessing = 0;
		};
		11546CE62F3E989700FC832F /* Sources */ = {
			isa = PBXSourcesBuildPhase;
			buildActionMask = 2147483647;
			files = (
			);
			runOnlyForDeploymentPostprocessing = 0;
		};
		11A5CD2A2F101283002BAC91 /* Sources */ = {
			isa = PBXSourcesBuildPhase;
			buildActionMask = 2147483647;
			files = (
			);
			runOnlyForDeploymentPostprocessing = 0;
		};
		11DC87D22F5D35990080D9F5 /* Sources */ = {
			isa = PBXSourcesBuildPhase;
			buildActionMask = 2147483647;
			files = (
			);
			runOnlyForDeploymentPostprocessing = 0;
		};
		12B4A00A3015000001000001 /* Sources */ = {
			isa = PBXSourcesBuildPhase;
			buildActionMask = 2147483647;
			files = (
			);
			runOnlyForDeploymentPostprocessing = 0;
		};
		504EC3001FED79650016851F /* Sources */ = {
			isa = PBXSourcesBuildPhase;
			buildActionMask = 2147483647;
			files = (
			);
			runOnlyForDeploymentPostprocessing = 0;
		};
		663BB16168D836E54DDA7F33 /* Sources */ = {
			isa = PBXSourcesBuildPhase;
			buildActionMask = 2147483647;
			files = (
				34B9BE74C916732F72B5D562 /* TidexAppUITests.swift in Sources */,
			);
			runOnlyForDeploymentPostprocessing = 0;
		};
		C5396A8E35F22AEB6C49E5AF /* Sources */ = {
			isa = PBXSourcesBuildPhase;
			buildActionMask = 2147483647;
			files = (
				33850FE44507426B0A15C5E8 /* ConflictExclusionTests.swift in Sources */,
				DF37C9E7F95FB8B021B0AD99 /* PayrollCalculatorBehaviorTests.swift in Sources */,
				614F000A48D360E310B23368 /* PayrollEngineDateLogicTests.swift in Sources */,
				91106E689CB197BE16533EF4 /* PayrollTotalsTests.swift in Sources */,
				88F1A2B33040111100A1B2C3 /* FriendsListOrderingTests.swift in Sources */,
				A1B2C3D43031111100A1B2C3 /* LaunchAppearanceTests.swift in Sources */,
				C1D2E3F4308A111100A1B2C3 /* ImageCompressorTests.swift in Sources */,
				804DF1DCB28379E68FDFFDB8 /* SnapshotsServiceSelectionTests.swift in Sources */,
				188D65FF4E96734657711265 /* TestFixtures.swift in Sources */,
				FD26DD868C7656CD8CD4C4DD /* ClockSessionRulesTests.swift in Sources */,
				B0C03082D5FFE793DAD556DE /* SyncErrorTests.swift in Sources */,
				A4460F5A061D70E12FA26564 /* SyncServerSnapshotDiffTests.swift in Sources */,
				9B92592ECD790DEF2F49BFA8 /* TemporaryClockSessionStoreTests.swift in Sources */,
				28F6FF06BC66336F6EB302EB /* LocalStoreDirtyTrackingTests.swift in Sources */,
			);
			runOnlyForDeploymentPostprocessing = 0;
		};
/* End PBXSourcesBuildPhase section */

/* Begin PBXTargetDependency section */
		0DE11AA7F5D110333AB7EEA8 /* PBXTargetDependency */ = {
			isa = PBXTargetDependency;
			name = TidexApp;
			target = 504EC3031FED79650016851F /* TidexApp */;
			targetProxy = FEF500599A80FDC2692DE54C /* PBXContainerItemProxy */;
		};
		11546CF82F3E989800FC832F /* PBXTargetDependency */ = {
			isa = PBXTargetDependency;
			target = 11546CE92F3E989700FC832F /* WatchShiftWidgetExtension */;
			targetProxy = 11546CF72F3E989800FC832F /* PBXContainerItemProxy */;
		};
		11A5CD402F101284002BAC91 /* PBXTargetDependency */ = {
			isa = PBXTargetDependency;
			target = 11A5CD2D2F101283002BAC91 /* TidexShiftWidgetExtension */;
			targetProxy = 11A5CD3F2F101284002BAC91 /* PBXContainerItemProxy */;
		};
		11DC87DC2F5D35990080D9F5 /* PBXTargetDependency */ = {
			isa = PBXTargetDependency;
			target = 11DC87D52F5D35990080D9F5 /* TidexNotificationService */;
			targetProxy = 11DC87DB2F5D35990080D9F5 /* PBXContainerItemProxy */;
		};
		12B4A00B3015000001000001 /* PBXTargetDependency */ = {
			isa = PBXTargetDependency;
			target = 12B4A0083015000001000001 /* TidexShareExtension */;
			targetProxy = 12B4A0033015000001000001 /* PBXContainerItemProxy */;
		};
		7F938A296190A6C2DC111B80 /* PBXTargetDependency */ = {
			isa = PBXTargetDependency;
			name = TidexApp;
			target = 504EC3031FED79650016851F /* TidexApp */;
			targetProxy = 73C92BFDD02B4ABC9B4957C9 /* PBXContainerItemProxy */;
		};
/* End PBXTargetDependency section */

/* Begin XCBuildConfiguration section */
		114F0F4E2F2150EA00B587F0 /* Debug */ = {
			isa = XCBuildConfiguration;
			baseConfigurationReference = 958DCC722DB07C7200EA8C5F /* debug.xcconfig */;
			buildSettings = {
				ASSETCATALOG_COMPILER_APPICON_NAME = tidex;
				ASSETCATALOG_COMPILER_GENERATE_SWIFT_ASSET_SYMBOL_EXTENSIONS = YES;
				ASSETCATALOG_COMPILER_GLOBAL_ACCENT_COLOR_NAME = AccentColor;
				ASSETCATALOG_COMPILER_INCLUDE_ALL_APPICON_ASSETS = YES;
				CLANG_CXX_LANGUAGE_STANDARD = "gnu++20";
				CLANG_ENABLE_OBJC_WEAK = YES;
				CODE_SIGN_ENTITLEMENTS = TidexWatchApp/TidexWatchApp.entitlements;
				CODE_SIGN_STYLE = Automatic;
				ENABLE_PREVIEWS = YES;
				GCC_C_LANGUAGE_STANDARD = gnu17;
				GENERATE_INFOPLIST_FILE = YES;
				INFOPLIST_KEY_CFBundleDisplayName = Tidex;
				INFOPLIST_KEY_UISupportedInterfaceOrientations = "UIInterfaceOrientationPortrait UIInterfaceOrientationPortraitUpsideDown";
				INFOPLIST_KEY_WKCompanionAppBundleIdentifier = no.tidex.app;
				LD_RUNPATH_SEARCH_PATHS = (
					"$(inherited)",
					"@executable_path/Frameworks",
				);
				LOCALIZATION_PREFERS_STRING_CATALOGS = YES;
				MTL_ENABLE_DEBUG_INFO = INCLUDE_SOURCE;
				MTL_FAST_MATH = YES;
				PRODUCT_BUNDLE_IDENTIFIER = no.tidex.app.watchkitapp;
				PRODUCT_NAME = "$(TARGET_NAME)";
				SDKROOT = watchos;
				SKIP_INSTALL = YES;
				STRING_CATALOG_GENERATE_SYMBOLS = YES;
				SWIFT_ACTIVE_COMPILATION_CONDITIONS = "DEBUG $(inherited)";
				SWIFT_APPROACHABLE_CONCURRENCY = YES;
				SWIFT_DEFAULT_ACTOR_ISOLATION = MainActor;
				SWIFT_EMIT_LOC_STRINGS = YES;
				SWIFT_UPCOMING_FEATURE_MEMBER_IMPORT_VISIBILITY = YES;
				SWIFT_VERSION = 5.0;
				TARGETED_DEVICE_FAMILY = 4;
				WATCHOS_DEPLOYMENT_TARGET = 26.2;
			};
			name = Debug;
		};
		114F0F4F2F2150EA00B587F0 /* Release */ = {
			isa = XCBuildConfiguration;
			baseConfigurationReference = 958DCC732DB07C7200EA8C5F /* release.xcconfig */;
			buildSettings = {
				ASSETCATALOG_COMPILER_APPICON_NAME = tidex;
				ASSETCATALOG_COMPILER_GENERATE_SWIFT_ASSET_SYMBOL_EXTENSIONS = YES;
				ASSETCATALOG_COMPILER_GLOBAL_ACCENT_COLOR_NAME = AccentColor;
				ASSETCATALOG_COMPILER_INCLUDE_ALL_APPICON_ASSETS = YES;
				CLANG_CXX_LANGUAGE_STANDARD = "gnu++20";
				CLANG_ENABLE_OBJC_WEAK = YES;
				CODE_SIGN_ENTITLEMENTS = TidexWatchApp/TidexWatchApp.entitlements;
				CODE_SIGN_STYLE = Automatic;
				ENABLE_PREVIEWS = YES;
				GCC_C_LANGUAGE_STANDARD = gnu17;
				GENERATE_INFOPLIST_FILE = YES;
				INFOPLIST_KEY_CFBundleDisplayName = Tidex;
				INFOPLIST_KEY_UISupportedInterfaceOrientations = "UIInterfaceOrientationPortrait UIInterfaceOrientationPortraitUpsideDown";
				INFOPLIST_KEY_WKCompanionAppBundleIdentifier = no.tidex.app;
				LD_RUNPATH_SEARCH_PATHS = (
					"$(inherited)",
					"@executable_path/Frameworks",
				);
				LOCALIZATION_PREFERS_STRING_CATALOGS = YES;
				MTL_FAST_MATH = YES;
				PRODUCT_BUNDLE_IDENTIFIER = no.tidex.app.watchkitapp;
				PRODUCT_NAME = "$(TARGET_NAME)";
				SDKROOT = watchos;
				SKIP_INSTALL = YES;
				STRING_CATALOG_GENERATE_SYMBOLS = YES;
				SWIFT_APPROACHABLE_CONCURRENCY = YES;
				SWIFT_DEFAULT_ACTOR_ISOLATION = MainActor;
				SWIFT_EMIT_LOC_STRINGS = YES;
				SWIFT_UPCOMING_FEATURE_MEMBER_IMPORT_VISIBILITY = YES;
				SWIFT_VERSION = 5.0;
				TARGETED_DEVICE_FAMILY = 4;
				WATCHOS_DEPLOYMENT_TARGET = 26.2;
			};
			name = Release;
		};
		11546CFC2F3E989800FC832F /* Debug */ = {
			isa = XCBuildConfiguration;
			baseConfigurationReference = 958DCC722DB07C7200EA8C5F /* debug.xcconfig */;
			buildSettings = {
				ASSETCATALOG_COMPILER_GENERATE_SWIFT_ASSET_SYMBOL_EXTENSIONS = YES;
				ASSETCATALOG_COMPILER_GLOBAL_ACCENT_COLOR_NAME = AccentColor;
				ASSETCATALOG_COMPILER_WIDGET_BACKGROUND_COLOR_NAME = WidgetBackground;
				CLANG_CXX_LANGUAGE_STANDARD = "gnu++20";
				CLANG_ENABLE_OBJC_WEAK = YES;
				CODE_SIGN_ENTITLEMENTS = WatchShiftWidget/Supporting/WatchShiftWidget.entitlements;
				CODE_SIGN_STYLE = Automatic;
				GCC_C_LANGUAGE_STANDARD = gnu17;
				GENERATE_INFOPLIST_FILE = NO;
				INFOPLIST_FILE = WatchShiftWidget/Supporting/Info.plist;
				INFOPLIST_KEY_CFBundleDisplayName = WatchShiftWidget;
				INFOPLIST_KEY_NSHumanReadableCopyright = "";
				LD_RUNPATH_SEARCH_PATHS = (
					"$(inherited)",
					"@executable_path/Frameworks",
					"@executable_path/../../Frameworks",
					"@executable_path/../../../../Frameworks",
				);
				LOCALIZATION_PREFERS_STRING_CATALOGS = YES;
				MTL_ENABLE_DEBUG_INFO = INCLUDE_SOURCE;
				MTL_FAST_MATH = YES;
				PRODUCT_BUNDLE_IDENTIFIER = no.tidex.app.watchkitapp.watchshiftwidgetextension;
				PRODUCT_NAME = "$(TARGET_NAME)";
				SDKROOT = watchos;
				SKIP_INSTALL = YES;
				STRING_CATALOG_GENERATE_SYMBOLS = YES;
				SWIFT_ACTIVE_COMPILATION_CONDITIONS = "DEBUG $(inherited)";
				SWIFT_APPROACHABLE_CONCURRENCY = YES;
				SWIFT_EMIT_LOC_STRINGS = YES;
				SWIFT_UPCOMING_FEATURE_MEMBER_IMPORT_VISIBILITY = YES;
				SWIFT_VERSION = 5.0;
				TARGETED_DEVICE_FAMILY = 4;
				WATCHOS_DEPLOYMENT_TARGET = 26.2;
			};
			name = Debug;
		};
		11546CFD2F3E989800FC832F /* Release */ = {
			isa = XCBuildConfiguration;
			baseConfigurationReference = 958DCC732DB07C7200EA8C5F /* release.xcconfig */;
			buildSettings = {
				ASSETCATALOG_COMPILER_GENERATE_SWIFT_ASSET_SYMBOL_EXTENSIONS = YES;
				ASSETCATALOG_COMPILER_GLOBAL_ACCENT_COLOR_NAME = AccentColor;
				ASSETCATALOG_COMPILER_WIDGET_BACKGROUND_COLOR_NAME = WidgetBackground;
				CLANG_CXX_LANGUAGE_STANDARD = "gnu++20";
				CLANG_ENABLE_OBJC_WEAK = YES;
				CODE_SIGN_ENTITLEMENTS = WatchShiftWidget/Supporting/WatchShiftWidget.entitlements;
				CODE_SIGN_STYLE = Automatic;
				GCC_C_LANGUAGE_STANDARD = gnu17;
				GENERATE_INFOPLIST_FILE = NO;
				INFOPLIST_FILE = WatchShiftWidget/Supporting/Info.plist;
				INFOPLIST_KEY_CFBundleDisplayName = WatchShiftWidget;
				INFOPLIST_KEY_NSHumanReadableCopyright = "";
				LD_RUNPATH_SEARCH_PATHS = (
					"$(inherited)",
					"@executable_path/Frameworks",
					"@executable_path/../../Frameworks",
					"@executable_path/../../../../Frameworks",
				);
				LOCALIZATION_PREFERS_STRING_CATALOGS = YES;
				MTL_FAST_MATH = YES;
				PRODUCT_BUNDLE_IDENTIFIER = no.tidex.app.watchkitapp.watchshiftwidgetextension;
				PRODUCT_NAME = "$(TARGET_NAME)";
				SDKROOT = watchos;
				SKIP_INSTALL = YES;
				STRING_CATALOG_GENERATE_SYMBOLS = YES;
				SWIFT_APPROACHABLE_CONCURRENCY = YES;
				SWIFT_EMIT_LOC_STRINGS = YES;
				SWIFT_UPCOMING_FEATURE_MEMBER_IMPORT_VISIBILITY = YES;
				SWIFT_VERSION = 5.0;
				TARGETED_DEVICE_FAMILY = 4;
				WATCHOS_DEPLOYMENT_TARGET = 26.2;
			};
			name = Release;
		};
		11A5CD442F101284002BAC91 /* Debug */ = {
			isa = XCBuildConfiguration;
			baseConfigurationReference = 958DCC722DB07C7200EA8C5F /* debug.xcconfig */;
			buildSettings = {
				ASSETCATALOG_COMPILER_GENERATE_SWIFT_ASSET_SYMBOL_EXTENSIONS = YES;
				ASSETCATALOG_COMPILER_GLOBAL_ACCENT_COLOR_NAME = AccentColor;
				ASSETCATALOG_COMPILER_WIDGET_BACKGROUND_COLOR_NAME = WidgetBackground;
				CLANG_CXX_LANGUAGE_STANDARD = "gnu++20";
				CLANG_ENABLE_OBJC_WEAK = YES;
				CODE_SIGN_ENTITLEMENTS = TidexShiftWidget/TidexShiftWidget.entitlements;
				CODE_SIGN_STYLE = Automatic;
				GCC_C_LANGUAGE_STANDARD = gnu17;
				GENERATE_INFOPLIST_FILE = NO;
				INFOPLIST_FILE = TidexShiftWidget/Info.plist;
				INFOPLIST_KEY_CFBundleDisplayName = TidexShiftWidget;
				INFOPLIST_KEY_NSHumanReadableCopyright = "";
				IPHONEOS_DEPLOYMENT_TARGET = 26.0;
				LD_RUNPATH_SEARCH_PATHS = (
					"$(inherited)",
					"@executable_path/Frameworks",
					"@executable_path/../../Frameworks",
				);
				LOCALIZATION_PREFERS_STRING_CATALOGS = YES;
				MTL_ENABLE_DEBUG_INFO = INCLUDE_SOURCE;
				MTL_FAST_MATH = YES;
				PRODUCT_BUNDLE_IDENTIFIER = no.tidex.app.TidexShiftWidget;
				PRODUCT_NAME = "$(TARGET_NAME)";
				SKIP_INSTALL = YES;
				STRING_CATALOG_GENERATE_SYMBOLS = YES;
				SWIFT_ACTIVE_COMPILATION_CONDITIONS = "DEBUG $(inherited)";
				SWIFT_APPROACHABLE_CONCURRENCY = YES;
				SWIFT_EMIT_LOC_STRINGS = YES;
				SWIFT_UPCOMING_FEATURE_MEMBER_IMPORT_VISIBILITY = YES;
				SWIFT_VERSION = 5.0;
				TARGETED_DEVICE_FAMILY = "1,2";
			};
			name = Debug;
		};
		11A5CD452F101284002BAC91 /* Release */ = {
			isa = XCBuildConfiguration;
			baseConfigurationReference = 958DCC732DB07C7200EA8C5F /* release.xcconfig */;
			buildSettings = {
				ASSETCATALOG_COMPILER_GENERATE_SWIFT_ASSET_SYMBOL_EXTENSIONS = YES;
				ASSETCATALOG_COMPILER_GLOBAL_ACCENT_COLOR_NAME = AccentColor;
				ASSETCATALOG_COMPILER_WIDGET_BACKGROUND_COLOR_NAME = WidgetBackground;
				CLANG_CXX_LANGUAGE_STANDARD = "gnu++20";
				CLANG_ENABLE_OBJC_WEAK = YES;
				CODE_SIGN_ENTITLEMENTS = TidexShiftWidget/TidexShiftWidget.entitlements;
				CODE_SIGN_STYLE = Automatic;
				GCC_C_LANGUAGE_STANDARD = gnu17;
				GENERATE_INFOPLIST_FILE = YES;
				INFOPLIST_FILE = TidexShiftWidget/Info.plist;
				INFOPLIST_KEY_CFBundleDisplayName = TidexShiftWidget;
				INFOPLIST_KEY_NSHumanReadableCopyright = "";
				IPHONEOS_DEPLOYMENT_TARGET = 26.0;
				LD_RUNPATH_SEARCH_PATHS = (
					"$(inherited)",
					"@executable_path/Frameworks",
					"@executable_path/../../Frameworks",
				);
				LOCALIZATION_PREFERS_STRING_CATALOGS = YES;
				MTL_FAST_MATH = YES;
				PRODUCT_BUNDLE_IDENTIFIER = no.tidex.app.TidexShiftWidget;
				PRODUCT_NAME = "$(TARGET_NAME)";
				SKIP_INSTALL = YES;
				STRING_CATALOG_GENERATE_SYMBOLS = YES;
				SWIFT_APPROACHABLE_CONCURRENCY = YES;
				SWIFT_EMIT_LOC_STRINGS = YES;
				SWIFT_UPCOMING_FEATURE_MEMBER_IMPORT_VISIBILITY = YES;
				SWIFT_VERSION = 5.0;
				TARGETED_DEVICE_FAMILY = "1,2";
			};
			name = Release;
		};
		11DC87DF2F5D35990080D9F5 /* Debug */ = {
			isa = XCBuildConfiguration;
			baseConfigurationReference = 958DCC722DB07C7200EA8C5F /* debug.xcconfig */;
			buildSettings = {
				ASSETCATALOG_COMPILER_GENERATE_SWIFT_ASSET_SYMBOL_EXTENSIONS = YES;
				CLANG_CXX_LANGUAGE_STANDARD = "gnu++20";
				CLANG_ENABLE_OBJC_WEAK = YES;
				CODE_SIGN_ENTITLEMENTS = TidexNotificationService/TidexNotificationService.entitlements;
				CODE_SIGN_STYLE = Automatic;
				GCC_C_LANGUAGE_STANDARD = gnu17;
				GENERATE_INFOPLIST_FILE = YES;
				INFOPLIST_FILE = TidexNotificationService/Info.plist;
				INFOPLIST_KEY_CFBundleDisplayName = TidexNotificationService;
				INFOPLIST_KEY_NSHumanReadableCopyright = "";
				IPHONEOS_DEPLOYMENT_TARGET = 26.2;
				LD_RUNPATH_SEARCH_PATHS = (
					"$(inherited)",
					"@executable_path/Frameworks",
					"@executable_path/../../Frameworks",
				);
				LOCALIZATION_PREFERS_STRING_CATALOGS = YES;
				MTL_ENABLE_DEBUG_INFO = INCLUDE_SOURCE;
				MTL_FAST_MATH = YES;
				PRODUCT_BUNDLE_IDENTIFIER = no.tidex.app.TidexNotificationService;
				PRODUCT_NAME = "$(TARGET_NAME)";
				SKIP_INSTALL = YES;
				STRING_CATALOG_GENERATE_SYMBOLS = YES;
				SWIFT_ACTIVE_COMPILATION_CONDITIONS = "DEBUG $(inherited)";
				SWIFT_APPROACHABLE_CONCURRENCY = YES;
				SWIFT_EMIT_LOC_STRINGS = YES;
				SWIFT_UPCOMING_FEATURE_MEMBER_IMPORT_VISIBILITY = YES;
				SWIFT_VERSION = 5.0;
				TARGETED_DEVICE_FAMILY = "1,2";
			};
			name = Debug;
		};
		11DC87E02F5D35990080D9F5 /* Release */ = {
			isa = XCBuildConfiguration;
			baseConfigurationReference = 958DCC732DB07C7200EA8C5F /* release.xcconfig */;
			buildSettings = {
				ASSETCATALOG_COMPILER_GENERATE_SWIFT_ASSET_SYMBOL_EXTENSIONS = YES;
				CLANG_CXX_LANGUAGE_STANDARD = "gnu++20";
				CLANG_ENABLE_OBJC_WEAK = YES;
				CODE_SIGN_ENTITLEMENTS = TidexNotificationService/TidexNotificationService.entitlements;
				CODE_SIGN_STYLE = Automatic;
				GCC_C_LANGUAGE_STANDARD = gnu17;
				GENERATE_INFOPLIST_FILE = YES;
				INFOPLIST_FILE = TidexNotificationService/Info.plist;
				INFOPLIST_KEY_CFBundleDisplayName = TidexNotificationService;
				INFOPLIST_KEY_NSHumanReadableCopyright = "";
				IPHONEOS_DEPLOYMENT_TARGET = 26.2;
				LD_RUNPATH_SEARCH_PATHS = (
					"$(inherited)",
					"@executable_path/Frameworks",
					"@executable_path/../../Frameworks",
				);
				LOCALIZATION_PREFERS_STRING_CATALOGS = YES;
				MTL_FAST_MATH = YES;
				PRODUCT_BUNDLE_IDENTIFIER = no.tidex.app.TidexNotificationService;
				PRODUCT_NAME = "$(TARGET_NAME)";
				SKIP_INSTALL = YES;
				STRING_CATALOG_GENERATE_SYMBOLS = YES;
				SWIFT_APPROACHABLE_CONCURRENCY = YES;
				SWIFT_EMIT_LOC_STRINGS = YES;
				SWIFT_UPCOMING_FEATURE_MEMBER_IMPORT_VISIBILITY = YES;
				SWIFT_VERSION = 5.0;
				TARGETED_DEVICE_FAMILY = "1,2";
			};
			name = Release;
		};
		12B4A00C3015000001000001 /* Debug */ = {
			isa = XCBuildConfiguration;
			baseConfigurationReference = 958DCC722DB07C7200EA8C5F /* debug.xcconfig */;
			buildSettings = {
				APPLICATION_EXTENSION_API_ONLY = YES;
				CLANG_CXX_LANGUAGE_STANDARD = "gnu++20";
				CLANG_ENABLE_OBJC_WEAK = YES;
				CODE_SIGN_ENTITLEMENTS = TidexShareExtension/TidexShareExtension.entitlements;
				CODE_SIGN_STYLE = Automatic;
				GCC_C_LANGUAGE_STANDARD = gnu17;
				GENERATE_INFOPLIST_FILE = NO;
				INFOPLIST_FILE = TidexShareExtension/Info.plist;
				INFOPLIST_KEY_CFBundleDisplayName = "Tidex Share";
				INFOPLIST_KEY_NSHumanReadableCopyright = "";
				IPHONEOS_DEPLOYMENT_TARGET = 26.0;
				LD_RUNPATH_SEARCH_PATHS = (
					"$(inherited)",
					"@executable_path/Frameworks",
					"@executable_path/../../Frameworks",
				);
				LOCALIZATION_PREFERS_STRING_CATALOGS = YES;
				MTL_ENABLE_DEBUG_INFO = INCLUDE_SOURCE;
				MTL_FAST_MATH = YES;
				PRODUCT_BUNDLE_IDENTIFIER = no.tidex.app.TidexShareExtension;
				PRODUCT_NAME = "$(TARGET_NAME)";
				SKIP_INSTALL = YES;
				STRING_CATALOG_GENERATE_SYMBOLS = YES;
				SWIFT_ACTIVE_COMPILATION_CONDITIONS = "DEBUG $(inherited)";
				SWIFT_APPROACHABLE_CONCURRENCY = YES;
				SWIFT_EMIT_LOC_STRINGS = YES;
				SWIFT_UPCOMING_FEATURE_MEMBER_IMPORT_VISIBILITY = YES;
				SWIFT_VERSION = 5.0;
				TARGETED_DEVICE_FAMILY = "1,2";
			};
			name = Debug;
		};
		12B4A00D3015000001000001 /* Release */ = {
			isa = XCBuildConfiguration;
			baseConfigurationReference = 958DCC732DB07C7200EA8C5F /* release.xcconfig */;
			buildSettings = {
				APPLICATION_EXTENSION_API_ONLY = YES;
				CLANG_CXX_LANGUAGE_STANDARD = "gnu++20";
				CLANG_ENABLE_OBJC_WEAK = YES;
				CODE_SIGN_ENTITLEMENTS = TidexShareExtension/TidexShareExtension.entitlements;
				CODE_SIGN_STYLE = Automatic;
				GCC_C_LANGUAGE_STANDARD = gnu17;
				GENERATE_INFOPLIST_FILE = NO;
				INFOPLIST_FILE = TidexShareExtension/Info.plist;
				INFOPLIST_KEY_CFBundleDisplayName = "Tidex Share";
				INFOPLIST_KEY_NSHumanReadableCopyright = "";
				IPHONEOS_DEPLOYMENT_TARGET = 26.0;
				LD_RUNPATH_SEARCH_PATHS = (
					"$(inherited)",
					"@executable_path/Frameworks",
					"@executable_path/../../Frameworks",
				);
				LOCALIZATION_PREFERS_STRING_CATALOGS = YES;
				MTL_FAST_MATH = YES;
				PRODUCT_BUNDLE_IDENTIFIER = no.tidex.app.TidexShareExtension;
				PRODUCT_NAME = "$(TARGET_NAME)";
				SKIP_INSTALL = YES;
				STRING_CATALOG_GENERATE_SYMBOLS = YES;
				SWIFT_APPROACHABLE_CONCURRENCY = YES;
				SWIFT_EMIT_LOC_STRINGS = YES;
				SWIFT_UPCOMING_FEATURE_MEMBER_IMPORT_VISIBILITY = YES;
				SWIFT_VERSION = 5.0;
				TARGETED_DEVICE_FAMILY = "1,2";
			};
			name = Release;
		};
		30DA8E04B73F93AF559DF7D8 /* Release */ = {
			isa = XCBuildConfiguration;
			buildSettings = {
				CLANG_ENABLE_OBJC_WEAK = NO;
				CODE_SIGN_STYLE = Automatic;
				DEVELOPMENT_TEAM = 48ZSLD4RMP;
				GENERATE_INFOPLIST_FILE = YES;
				IPHONEOS_DEPLOYMENT_TARGET = 26.0;
				PRODUCT_BUNDLE_IDENTIFIER = no.tidex.app.uitests;
				PRODUCT_NAME = "$(TARGET_NAME)";
				SDKROOT = iphoneos;
				SUPPORTED_PLATFORMS = "iphoneos iphonesimulator";
				SWIFT_ACTIVE_COMPILATION_CONDITIONS = "";
				SWIFT_VERSION = 5.0;
				TARGETED_DEVICE_FAMILY = "1,2";
				TEST_TARGET_NAME = TidexApp;
				VALIDATE_PRODUCT = YES;
			};
			name = Release;
		};
		504EC3141FED79650016851F /* Debug */ = {
			isa = XCBuildConfiguration;
			baseConfigurationReference = 958DCC722DB07C7200EA8C5F /* debug.xcconfig */;
			buildSettings = {
				ALWAYS_SEARCH_USER_PATHS = NO;
				CLANG_ANALYZER_LOCALIZABILITY_NONLOCALIZED = YES;
				CLANG_ANALYZER_NONNULL = YES;
				CLANG_ANALYZER_NUMBER_OBJECT_CONVERSION = YES_AGGRESSIVE;
				CLANG_CXX_LANGUAGE_STANDARD = "gnu++14";
				CLANG_CXX_LIBRARY = "libc++";
				CLANG_ENABLE_MODULES = YES;
				CLANG_ENABLE_OBJC_ARC = YES;
				CLANG_WARN_BLOCK_CAPTURE_AUTORELEASING = YES;
				CLANG_WARN_BOOL_CONVERSION = YES;
				CLANG_WARN_COMMA = YES;
				CLANG_WARN_CONSTANT_CONVERSION = YES;
				CLANG_WARN_DEPRECATED_OBJC_IMPLEMENTATIONS = YES;
				CLANG_WARN_DIRECT_OBJC_ISA_USAGE = YES_ERROR;
				CLANG_WARN_DOCUMENTATION_COMMENTS = YES;
				CLANG_WARN_EMPTY_BODY = YES;
				CLANG_WARN_ENUM_CONVERSION = YES;
				CLANG_WARN_INFINITE_RECURSION = YES;
				CLANG_WARN_INT_CONVERSION = YES;
				CLANG_WARN_NON_LITERAL_NULL_CONVERSION = YES;
				CLANG_WARN_OBJC_IMPLICIT_RETAIN_SELF = YES;
				CLANG_WARN_OBJC_LITERAL_CONVERSION = YES;
				CLANG_WARN_OBJC_ROOT_CLASS = YES_ERROR;
				CLANG_WARN_QUOTED_INCLUDE_IN_FRAMEWORK_HEADER = YES;
				CLANG_WARN_RANGE_LOOP_ANALYSIS = YES;
				CLANG_WARN_STRICT_PROTOTYPES = YES;
				CLANG_WARN_SUSPICIOUS_MOVE = YES;
				CLANG_WARN_UNGUARDED_AVAILABILITY = YES_AGGRESSIVE;
				CLANG_WARN_UNREACHABLE_CODE = YES;
				CLANG_WARN__DUPLICATE_METHOD_MATCH = YES;
				CODE_SIGN_IDENTITY = "iPhone Developer";
				COPY_PHASE_STRIP = NO;
				DEBUG_INFORMATION_FORMAT = dwarf;
				DEVELOPMENT_TEAM = 48ZSLD4RMP;
				ENABLE_STRICT_OBJC_MSGSEND = YES;
				ENABLE_TESTABILITY = YES;
				ENABLE_USER_SCRIPT_SANDBOXING = YES;
				GCC_C_LANGUAGE_STANDARD = gnu11;
				GCC_DYNAMIC_NO_PIC = NO;
				GCC_NO_COMMON_BLOCKS = YES;
				GCC_OPTIMIZATION_LEVEL = 0;
				GCC_PREPROCESSOR_DEFINITIONS = (
					"DEBUG=1",
					"$(inherited)",
				);
				GCC_WARN_64_TO_32_BIT_CONVERSION = YES;
				GCC_WARN_ABOUT_RETURN_TYPE = YES_ERROR;
				GCC_WARN_UNDECLARED_SELECTOR = YES;
				GCC_WARN_UNINITIALIZED_AUTOS = YES_AGGRESSIVE;
				GCC_WARN_UNUSED_FUNCTION = YES;
				GCC_WARN_UNUSED_VARIABLE = YES;
				IPHONEOS_DEPLOYMENT_TARGET = 26.0;
				MTL_ENABLE_DEBUG_INFO = YES;
				ONLY_ACTIVE_ARCH = YES;
				SDKROOT = iphoneos;
				STRING_CATALOG_GENERATE_SYMBOLS = YES;
				SWIFT_ACTIVE_COMPILATION_CONDITIONS = DEBUG;
				SWIFT_OPTIMIZATION_LEVEL = "-Onone";
			};
			name = Debug;
		};
		504EC3151FED79650016851F /* Release */ = {
			isa = XCBuildConfiguration;
			baseConfigurationReference = 958DCC732DB07C7200EA8C5F /* release.xcconfig */;
			buildSettings = {
				ALWAYS_SEARCH_USER_PATHS = NO;
				CLANG_ANALYZER_LOCALIZABILITY_NONLOCALIZED = YES;
				CLANG_ANALYZER_NONNULL = YES;
				CLANG_ANALYZER_NUMBER_OBJECT_CONVERSION = YES_AGGRESSIVE;
				CLANG_CXX_LANGUAGE_STANDARD = "gnu++14";
				CLANG_CXX_LIBRARY = "libc++";
				CLANG_ENABLE_MODULES = YES;
				CLANG_ENABLE_OBJC_ARC = YES;
				CLANG_WARN_BLOCK_CAPTURE_AUTORELEASING = YES;
				CLANG_WARN_BOOL_CONVERSION = YES;
				CLANG_WARN_COMMA = YES;
				CLANG_WARN_CONSTANT_CONVERSION = YES;
				CLANG_WARN_DEPRECATED_OBJC_IMPLEMENTATIONS = YES;
				CLANG_WARN_DIRECT_OBJC_ISA_USAGE = YES_ERROR;
				CLANG_WARN_DOCUMENTATION_COMMENTS = YES;
				CLANG_WARN_EMPTY_BODY = YES;
				CLANG_WARN_ENUM_CONVERSION = YES;
				CLANG_WARN_INFINITE_RECURSION = YES;
				CLANG_WARN_INT_CONVERSION = YES;
				CLANG_WARN_NON_LITERAL_NULL_CONVERSION = YES;
				CLANG_WARN_OBJC_IMPLICIT_RETAIN_SELF = YES;
				CLANG_WARN_OBJC_LITERAL_CONVERSION = YES;
				CLANG_WARN_OBJC_ROOT_CLASS = YES_ERROR;
				CLANG_WARN_QUOTED_INCLUDE_IN_FRAMEWORK_HEADER = YES;
				CLANG_WARN_RANGE_LOOP_ANALYSIS = YES;
				CLANG_WARN_STRICT_PROTOTYPES = YES;
				CLANG_WARN_SUSPICIOUS_MOVE = YES;
				CLANG_WARN_UNGUARDED_AVAILABILITY = YES_AGGRESSIVE;
				CLANG_WARN_UNREACHABLE_CODE = YES;
				CLANG_WARN__DUPLICATE_METHOD_MATCH = YES;
				CODE_SIGN_IDENTITY = "iPhone Developer";
				COPY_PHASE_STRIP = NO;
				DEBUG_INFORMATION_FORMAT = "dwarf-with-dsym";
				DEVELOPMENT_TEAM = 48ZSLD4RMP;
				ENABLE_NS_ASSERTIONS = NO;
				ENABLE_STRICT_OBJC_MSGSEND = YES;
				ENABLE_USER_SCRIPT_SANDBOXING = YES;
				GCC_C_LANGUAGE_STANDARD = gnu11;
				GCC_NO_COMMON_BLOCKS = YES;
				GCC_WARN_64_TO_32_BIT_CONVERSION = YES;
				GCC_WARN_ABOUT_RETURN_TYPE = YES_ERROR;
				GCC_WARN_UNDECLARED_SELECTOR = YES;
				GCC_WARN_UNINITIALIZED_AUTOS = YES_AGGRESSIVE;
				GCC_WARN_UNUSED_FUNCTION = YES;
				GCC_WARN_UNUSED_VARIABLE = YES;
				IPHONEOS_DEPLOYMENT_TARGET = 26.0;
				MTL_ENABLE_DEBUG_INFO = NO;
				SDKROOT = iphoneos;
				STRING_CATALOG_GENERATE_SYMBOLS = YES;
				SWIFT_COMPILATION_MODE = wholemodule;
				SWIFT_OPTIMIZATION_LEVEL = "-O";
				VALIDATE_PRODUCT = YES;
			};
			name = Release;
		};
		504EC3171FED79650016851F /* Debug */ = {
			isa = XCBuildConfiguration;
			baseConfigurationReference = 958DCC722DB07C7200EA8C5F /* debug.xcconfig */;
			buildSettings = {
				ASSETCATALOG_COMPILER_APPICON_NAME = tidex;
				ASSETCATALOG_COMPILER_INCLUDE_ALL_APPICON_ASSETS = YES;
				CODE_SIGN_ENTITLEMENTS = TidexApp/Supporting/App.entitlements;
				CODE_SIGN_STYLE = Automatic;
				ENABLE_USER_SCRIPT_SANDBOXING = NO;
				INFOPLIST_FILE = TidexApp/Supporting/Info.plist;
				INFOPLIST_KEY_CFBundleDisplayName = no.tidex.app;
				INFOPLIST_KEY_LSApplicationCategoryType = "public.app-category.utilities";
				IPHONEOS_DEPLOYMENT_TARGET = 26.0;
				LD_RUNPATH_SEARCH_PATHS = (
					"$(inherited)",
					"@executable_path/Frameworks",
				);
				OTHER_SWIFT_FLAGS = "$(inherited) \"-D\" \"COCOAPODS\" \"-DDEBUG\"";
				PRODUCT_BUNDLE_IDENTIFIER = no.tidex.app;
				PRODUCT_NAME = Tidex;
				STRING_CATALOG_GENERATE_SYMBOLS = YES;
				SUPPORTED_PLATFORMS = "iphoneos iphonesimulator";
				SUPPORTS_MACCATALYST = NO;
				SWIFT_ACTIVE_COMPILATION_CONDITIONS = DEBUG;
				SWIFT_VERSION = 5.0;
				TARGETED_DEVICE_FAMILY = "1,2";
			};
			name = Debug;
		};
		504EC3181FED79650016851F /* Release */ = {
			isa = XCBuildConfiguration;
			baseConfigurationReference = 958DCC732DB07C7200EA8C5F /* release.xcconfig */;
			buildSettings = {
				ASSETCATALOG_COMPILER_APPICON_NAME = tidex;
				ASSETCATALOG_COMPILER_INCLUDE_ALL_APPICON_ASSETS = YES;
				CODE_SIGN_ENTITLEMENTS = TidexApp/Supporting/AppRelease.entitlements;
				CODE_SIGN_STYLE = Automatic;
				ENABLE_USER_SCRIPT_SANDBOXING = NO;
				INFOPLIST_FILE = TidexApp/Supporting/Info.plist;
				INFOPLIST_KEY_CFBundleDisplayName = no.tidex.app;
				INFOPLIST_KEY_LSApplicationCategoryType = "public.app-category.utilities";
				IPHONEOS_DEPLOYMENT_TARGET = 26.0;
				LD_RUNPATH_SEARCH_PATHS = (
					"$(inherited)",
					"@executable_path/Frameworks",
				);
				"OTHER_SWIFT_FLAGS[arch=*]" = "-suppress-warnings";
				PRODUCT_BUNDLE_IDENTIFIER = no.tidex.app;
				PRODUCT_NAME = Tidex;
				SUPPORTED_PLATFORMS = "iphoneos iphonesimulator";
				SUPPORTS_MACCATALYST = NO;
				SWIFT_ACTIVE_COMPILATION_CONDITIONS = "";
				SWIFT_VERSION = 5.0;
				TARGETED_DEVICE_FAMILY = "1,2";
			};
			name = Release;
		};
		B117D1A5249F02DB5819D69F /* Release */ = {
			isa = XCBuildConfiguration;
			buildSettings = {
				BUNDLE_LOADER = "$(TEST_HOST)";
				CLANG_ENABLE_OBJC_WEAK = NO;
				CODE_SIGN_STYLE = Automatic;
				DEVELOPMENT_TEAM = 48ZSLD4RMP;
				GENERATE_INFOPLIST_FILE = YES;
				IPHONEOS_DEPLOYMENT_TARGET = 26.0;
				PRODUCT_BUNDLE_IDENTIFIER = no.tidex.app.tests;
				PRODUCT_NAME = "$(TARGET_NAME)";
				SDKROOT = iphoneos;
				SUPPORTED_PLATFORMS = "iphoneos iphonesimulator";
				SWIFT_ACTIVE_COMPILATION_CONDITIONS = "";
				SWIFT_VERSION = 5.0;
				TARGETED_DEVICE_FAMILY = "1,2";
				TEST_HOST = "$(BUILT_PRODUCTS_DIR)/Tidex.app/Tidex";
				TEST_TARGET_NAME = TidexApp;
				VALIDATE_PRODUCT = YES;
			};
			name = Release;
		};
		E1D1CFBBB91C778CCC33DD30 /* Debug */ = {
			isa = XCBuildConfiguration;
			buildSettings = {
				CLANG_ENABLE_OBJC_WEAK = NO;
				CODE_SIGN_STYLE = Automatic;
				DEVELOPMENT_TEAM = 48ZSLD4RMP;
				GENERATE_INFOPLIST_FILE = YES;
				IPHONEOS_DEPLOYMENT_TARGET = 26.0;
				PRODUCT_BUNDLE_IDENTIFIER = no.tidex.app.uitests;
				PRODUCT_NAME = "$(TARGET_NAME)";
				SDKROOT = iphoneos;
				SUPPORTED_PLATFORMS = "iphoneos iphonesimulator";
				SWIFT_ACTIVE_COMPILATION_CONDITIONS = DEBUG;
				SWIFT_VERSION = 5.0;
				TARGETED_DEVICE_FAMILY = "1,2";
				TEST_TARGET_NAME = TidexApp;
			};
			name = Debug;
		};
		E909EDFB42831EF7F1EC6958 /* Debug */ = {
			isa = XCBuildConfiguration;
			buildSettings = {
				BUNDLE_LOADER = "$(TEST_HOST)";
				CLANG_ENABLE_OBJC_WEAK = NO;
				CODE_SIGN_STYLE = Automatic;
				DEVELOPMENT_TEAM = 48ZSLD4RMP;
				GENERATE_INFOPLIST_FILE = YES;
				IPHONEOS_DEPLOYMENT_TARGET = 26.0;
				PRODUCT_BUNDLE_IDENTIFIER = no.tidex.app.tests;
				PRODUCT_NAME = "$(TARGET_NAME)";
				SDKROOT = iphoneos;
				SUPPORTED_PLATFORMS = "iphoneos iphonesimulator";
				SWIFT_ACTIVE_COMPILATION_CONDITIONS = DEBUG;
				SWIFT_VERSION = 5.0;
				TARGETED_DEVICE_FAMILY = "1,2";
				TEST_HOST = "$(BUILT_PRODUCTS_DIR)/Tidex.app/Tidex";
				TEST_TARGET_NAME = TidexApp;
			};
			name = Debug;
		};
/* End XCBuildConfiguration section */

/* Begin XCConfigurationList section */
		114F0F4D2F2150EA00B587F0 /* Build configuration list for PBXNativeTarget "TidexWatchApp" */ = {
			isa = XCConfigurationList;
			buildConfigurations = (
				114F0F4E2F2150EA00B587F0 /* Debug */,
				114F0F4F2F2150EA00B587F0 /* Release */,
			);
			defaultConfigurationIsVisible = 0;
			defaultConfigurationName = Debug;
		};
		11546CFB2F3E989800FC832F /* Build configuration list for PBXNativeTarget "WatchShiftWidgetExtension" */ = {
			isa = XCConfigurationList;
			buildConfigurations = (
				11546CFC2F3E989800FC832F /* Debug */,
				11546CFD2F3E989800FC832F /* Release */,
			);
			defaultConfigurationIsVisible = 0;
			defaultConfigurationName = Debug;
		};
		11A5CD432F101284002BAC91 /* Build configuration list for PBXNativeTarget "TidexShiftWidgetExtension" */ = {
			isa = XCConfigurationList;
			buildConfigurations = (
				11A5CD442F101284002BAC91 /* Debug */,
				11A5CD452F101284002BAC91 /* Release */,
			);
			defaultConfigurationIsVisible = 0;
			defaultConfigurationName = Debug;
		};
		11DC87DE2F5D35990080D9F5 /* Build configuration list for PBXNativeTarget "TidexNotificationService" */ = {
			isa = XCConfigurationList;
			buildConfigurations = (
				11DC87DF2F5D35990080D9F5 /* Debug */,
				11DC87E02F5D35990080D9F5 /* Release */,
			);
			defaultConfigurationIsVisible = 0;
			defaultConfigurationName = Debug;
		};
		12B4A00E3015000001000001 /* Build configuration list for PBXNativeTarget "TidexShareExtension" */ = {
			isa = XCConfigurationList;
			buildConfigurations = (
				12B4A00C3015000001000001 /* Debug */,
				12B4A00D3015000001000001 /* Release */,
			);
			defaultConfigurationIsVisible = 0;
			defaultConfigurationName = Debug;
		};
		1629D0282BDBAF780D3B871D /* Build configuration list for PBXNativeTarget "TidexAppUITests" */ = {
			isa = XCConfigurationList;
			buildConfigurations = (
				30DA8E04B73F93AF559DF7D8 /* Release */,
				E1D1CFBBB91C778CCC33DD30 /* Debug */,
			);
			defaultConfigurationIsVisible = 0;
			defaultConfigurationName = Debug;
		};
		504EC2FF1FED79650016851F /* Build configuration list for PBXProject "Tidex" */ = {
			isa = XCConfigurationList;
			buildConfigurations = (
				504EC3141FED79650016851F /* Debug */,
				504EC3151FED79650016851F /* Release */,
			);
			defaultConfigurationIsVisible = 0;
			defaultConfigurationName = Debug;
		};
		504EC3161FED79650016851F /* Build configuration list for PBXNativeTarget "TidexApp" */ = {
			isa = XCConfigurationList;
			buildConfigurations = (
				504EC3171FED79650016851F /* Debug */,
				504EC3181FED79650016851F /* Release */,
			);
			defaultConfigurationIsVisible = 0;
			defaultConfigurationName = Debug;
		};
		F4383DBE864F1EB34B00FBDD /* Build configuration list for PBXNativeTarget "TidexAppTests" */ = {
			isa = XCConfigurationList;
			buildConfigurations = (
				B117D1A5249F02DB5819D69F /* Release */,
				E909EDFB42831EF7F1EC6958 /* Debug */,
			);
			defaultConfigurationIsVisible = 0;
			defaultConfigurationName = Debug;
		};
/* End XCConfigurationList section */

/* Begin XCRemoteSwiftPackageReference section */
		11263D3A2F2FF22700233D63 /* XCRemoteSwiftPackageReference "TOCropViewController" */ = {
			isa = XCRemoteSwiftPackageReference;
			repositoryURL = "https://github.com/TimOliver/TOCropViewController";
			requirement = {
				kind = upToNextMajorVersion;
				minimumVersion = 3.1.1;
			};
		};
		11923C172F16B94B0076AFD6 /* XCRemoteSwiftPackageReference "supabase-swift" */ = {
			isa = XCRemoteSwiftPackageReference;
			repositoryURL = "https://github.com/TidexHQ/supabase-swift.git";
			requirement = {
				kind = upToNextMajorVersion;
				minimumVersion = 2.5.1;
			};
		};
		11923C202F16B98A0076AFD6 /* XCRemoteSwiftPackageReference "GoogleSignIn-iOS" */ = {
			isa = XCRemoteSwiftPackageReference;
			repositoryURL = "https://github.com/TidexHQ/GoogleSignIn-iOS.git";
			requirement = {
				kind = upToNextMajorVersion;
				minimumVersion = 9.1.0;
			};
		};
		11CD7FA32F63CFC700A987E7 /* XCRemoteSwiftPackageReference "Chat" */ = {
			isa = XCRemoteSwiftPackageReference;
			repositoryURL = "https://github.com/exyte/Chat.git";
			requirement = {
				kind = upToNextMajorVersion;
				minimumVersion = 2.7.6;
			};
		};
		11F0A0023011111100A1B2C3 /* XCRemoteSwiftPackageReference "sentry-cocoa" */ = {
			isa = XCRemoteSwiftPackageReference;
			repositoryURL = "https://github.com/getsentry/sentry-cocoa";
			requirement = {
				kind = upToNextMajorVersion;
				minimumVersion = 9.4.0;
			};
		};
/* End XCRemoteSwiftPackageReference section */

/* Begin XCSwiftPackageProductDependency section */
		11263D3B2F2FF22700233D63 /* CropViewController */ = {
			isa = XCSwiftPackageProductDependency;
			package = 11263D3A2F2FF22700233D63 /* XCRemoteSwiftPackageReference "TOCropViewController" */;
			productName = CropViewController;
		};
		11263D3F2F2FF3F700233D63 /* TOCropViewController */ = {
			isa = XCSwiftPackageProductDependency;
			package = 11263D3A2F2FF22700233D63 /* XCRemoteSwiftPackageReference "TOCropViewController" */;
			productName = TOCropViewController;
		};
		11923C182F16B94B0076AFD6 /* Auth */ = {
			isa = XCSwiftPackageProductDependency;
			package = 11923C172F16B94B0076AFD6 /* XCRemoteSwiftPackageReference "supabase-swift" */;
			productName = Auth;
		};
		11923C1A2F16B94B0076AFD6 /* Functions */ = {
			isa = XCSwiftPackageProductDependency;
			package = 11923C172F16B94B0076AFD6 /* XCRemoteSwiftPackageReference "supabase-swift" */;
			productName = Functions;
		};
		11923C1C2F16B94B0076AFD6 /* PostgREST */ = {
			isa = XCSwiftPackageProductDependency;
			package = 11923C172F16B94B0076AFD6 /* XCRemoteSwiftPackageReference "supabase-swift" */;
			productName = PostgREST;
		};
		11923C1E2F16B94B0076AFD6 /* Storage */ = {
			isa = XCSwiftPackageProductDependency;
			package = 11923C172F16B94B0076AFD6 /* XCRemoteSwiftPackageReference "supabase-swift" */;
			productName = Storage;
		};
		11923C212F16B98A0076AFD6 /* GoogleSignIn */ = {
			isa = XCSwiftPackageProductDependency;
			package = 11923C202F16B98A0076AFD6 /* XCRemoteSwiftPackageReference "GoogleSignIn-iOS" */;
			productName = GoogleSignIn;
		};
		11923C232F16B98A0076AFD6 /* GoogleSignInSwift */ = {
			isa = XCSwiftPackageProductDependency;
			package = 11923C202F16B98A0076AFD6 /* XCRemoteSwiftPackageReference "GoogleSignIn-iOS" */;
			productName = GoogleSignInSwift;
		};
		11923C252F16BB090076AFD6 /* Realtime */ = {
			isa = XCSwiftPackageProductDependency;
			package = 11923C172F16B94B0076AFD6 /* XCRemoteSwiftPackageReference "supabase-swift" */;
			productName = Realtime;
		};
		11923C272F16BB090076AFD6 /* Supabase */ = {
			isa = XCSwiftPackageProductDependency;
			package = 11923C172F16B94B0076AFD6 /* XCRemoteSwiftPackageReference "supabase-swift" */;
			productName = Supabase;
		};
		11CD7FA42F63CFC700A987E7 /* ExyteChat */ = {
			isa = XCSwiftPackageProductDependency;
			package = 11CD7FA32F63CFC700A987E7 /* XCRemoteSwiftPackageReference "Chat" */;
			productName = ExyteChat;
		};
		11F0A0033011111100A1B2C3 /* Sentry-Dynamic */ = {
			isa = XCSwiftPackageProductDependency;
			package = 11F0A0023011111100A1B2C3 /* XCRemoteSwiftPackageReference "sentry-cocoa" */;
			productName = "Sentry-Dynamic";
		};
/* End XCSwiftPackageProductDependency section */
	};
	rootObject = 504EC2FC1FED79650016851F /* Project object */;
}
